// !$*UTF8*$!
{
	archiveVersion = 1;
	classes = {
	};
	objectVersion = 54;
	objects = {

/* Begin PBXBuildFile section */
		06E322500E6F29AE7E3406B9 /* Pods_OpenIMSDKiOS_Example.framework in Frameworks */ = {isa = PBXBuildFile; fileRef = EC002E155A37FC7CD6D16335 /* Pods_OpenIMSDKiOS_Example.framework */; };
		17918D0727BC8F380040C924 /* OPENIMSDKTableViewCell.m in Sources */ = {isa = PBXBuildFile; fileRef = 17918D0627BC8F380040C924 /* OPENIMSDKTableViewCell.m */; };
		17CADD2727C7227F0069C80E /* photo_test.jpeg in Resources */ = {isa = PBXBuildFile; fileRef = 17CADD2527C7227F0069C80E /* photo_test.jpeg */; };
		17CADD2827C7227F0069C80E /* voice_test.m4a in Resources */ = {isa = PBXBuildFile; fileRef = 17CADD2627C7227F0069C80E /* voice_test.m4a */; };
		17CADD2A27C738630069C80E /* video_test.mp4 in Resources */ = {isa = PBXBuildFile; fileRef = 17CADD2927C738630069C80E /* video_test.mp4 */; };
		17CADD2C27C7781C0069C80E /* file_test.zip in Resources */ = {isa = PBXBuildFile; fileRef = 17CADD2B27C7781C0069C80E /* file_test.zip */; };
		4D0EC9202AECFD4A0061ADC4 /* OpenIMCore.xcframework in Frameworks */ = {isa = PBXBuildFile; fileRef = 4D0EC91C2AECF88E0061ADC4 /* OpenIMCore.xcframework */; };
		4D0EC9272AED1A4E0061ADC4 /* libresolv.tbd in Frameworks */ = {isa = PBXBuildFile; fileRef = 4D0EC9262AED1A4E0061ADC4 /* libresolv.tbd */; };
		4D0EC9A12AED1BCD0061ADC4 /* OIMGCDMulticastDelegate.m in Sources */ = {isa = PBXBuildFile; fileRef = 4D0EC92C2AED1BCD0061ADC4 /* OIMGCDMulticastDelegate.m */; };
		4D0EC9A22AED1BCD0061ADC4 /* OIMCallbacker+Closure.m in Sources */ = {isa = PBXBuildFile; fileRef = 4D0EC92F2AED1BCD0061ADC4 /* OIMCallbacker+Closure.m */; };
		4D0EC9A32AED1BCD0061ADC4 /* OIMCallbacker.m in Sources */ = {isa = PBXBuildFile; fileRef = 4D0EC9312AED1BCD0061ADC4 /* OIMCallbacker.m */; };
		4D0EC9A42AED1BCD0061ADC4 /* OIMManager+Friend.m in Sources */ = {isa = PBXBuildFile; fileRef = 4D0EC9372AED1BCD0061ADC4 /* OIMManager+Friend.m */; };
		4D0EC9A52AED1BCD0061ADC4 /* OIMManager+User.m in Sources */ = {isa = PBXBuildFile; fileRef = 4D0EC9392AED1BCD0061ADC4 /* OIMManager+User.m */; };
		4D0EC9A62AED1BCD0061ADC4 /* OIMManager+Message.m in Sources */ = {isa = PBXBuildFile; fileRef = 4D0EC93B2AED1BCD0061ADC4 /* OIMManager+Message.m */; };
		4D0EC9A72AED1BCD0061ADC4 /* OIMManager+Conversation.m in Sources */ = {isa = PBXBuildFile; fileRef = 4D0EC93C2AED1BCD0061ADC4 /* OIMManager+Conversation.m */; };
		4D0EC9A82AED1BCD0061ADC4 /* OIMManager+Group.m in Sources */ = {isa = PBXBuildFile; fileRef = 4D0EC93D2AED1BCD0061ADC4 /* OIMManager+Group.m */; };
		4D0EC9A92AED1BCD0061ADC4 /* OIMManager+Connection.m in Sources */ = {isa = PBXBuildFile; fileRef = 4D0EC93E2AED1BCD0061ADC4 /* OIMManager+Connection.m */; };
		4D0EC9AA2AED1BCD0061ADC4 /* OIMManager.m in Sources */ = {isa = PBXBuildFile; fileRef = 4D0EC93F2AED1BCD0061ADC4 /* OIMManager.m */; };
		4D0EC9AB2AED1BCD0061ADC4 /* OIMManager+Login.m in Sources */ = {isa = PBXBuildFile; fileRef = 4D0EC9422AED1BCD0061ADC4 /* OIMManager+Login.m */; };
		4D0EC9AC2AED1BCD0061ADC4 /* MJPropertyType.m in Sources */ = {isa = PBXBuildFile; fileRef = 4D0EC9472AED1BCD0061ADC4 /* MJPropertyType.m */; };
		4D0EC9AD2AED1BCD0061ADC4 /* NSObject+MJKeyValue.m in Sources */ = {isa = PBXBuildFile; fileRef = 4D0EC94A2AED1BCD0061ADC4 /* NSObject+MJKeyValue.m */; };
		4D0EC9AE2AED1BCD0061ADC4 /* MJProperty.m in Sources */ = {isa = PBXBuildFile; fileRef = 4D0EC94B2AED1BCD0061ADC4 /* MJProperty.m */; };
		4D0EC9AF2AED1BCD0061ADC4 /* NSObject+MJCoding.m in Sources */ = {isa = PBXBuildFile; fileRef = 4D0EC94D2AED1BCD0061ADC4 /* NSObject+MJCoding.m */; };
		4D0EC9B02AED1BCD0061ADC4 /* MJExtensionConst.m in Sources */ = {isa = PBXBuildFile; fileRef = 4D0EC94F2AED1BCD0061ADC4 /* MJExtensionConst.m */; };
		4D0EC9B12AED1BCD0061ADC4 /* NSObject+MJProperty.m in Sources */ = {isa = PBXBuildFile; fileRef = 4D0EC9502AED1BCD0061ADC4 /* NSObject+MJProperty.m */; };
		4D0EC9B22AED1BCD0061ADC4 /* NSObject+MJClass.m in Sources */ = {isa = PBXBuildFile; fileRef = 4D0EC9522AED1BCD0061ADC4 /* NSObject+MJClass.m */; };
		4D0EC9B32AED1BCD0061ADC4 /* NSString+MJExtension.m in Sources */ = {isa = PBXBuildFile; fileRef = 4D0EC9532AED1BCD0061ADC4 /* NSString+MJExtension.m */; };
		4D0EC9B42AED1BCD0061ADC4 /* MJPropertyKey.m in Sources */ = {isa = PBXBuildFile; fileRef = 4D0EC9542AED1BCD0061ADC4 /* MJPropertyKey.m */; };
		4D0EC9B52AED1BCD0061ADC4 /* MJFoundation.m in Sources */ = {isa = PBXBuildFile; fileRef = 4D0EC9582AED1BCD0061ADC4 /* MJFoundation.m */; };
		4D0EC9B62AED1BCD0061ADC4 /* OpenIMCore.xcframework in Frameworks */ = {isa = PBXBuildFile; fileRef = 4D0EC9592AED1BCD0061ADC4 /* OpenIMCore.xcframework */; };
		4D0EC9B72AED1BCD0061ADC4 /* Reachability.m in Sources */ = {isa = PBXBuildFile; fileRef = 4D0EC95E2AED1BCD0061ADC4 /* Reachability.m */; };
		4D0EC9B82AED1BCD0061ADC4 /* OIMUserInfo.m in Sources */ = {isa = PBXBuildFile; fileRef = 4D0EC9622AED1BCD0061ADC4 /* OIMUserInfo.m */; };
		4D0EC9B92AED1BCD0061ADC4 /* RedPacketInfo.m in Sources */ = {isa = PBXBuildFile; fileRef = 4D0EC9652AED1BCD0061ADC4 /* RedPacketInfo.m */; };
		4D0EC9BA2AED1BCD0061ADC4 /* OIMFaceElem.m in Sources */ = {isa = PBXBuildFile; fileRef = 4D0EC9672AED1BCD0061ADC4 /* OIMFaceElem.m */; };
		4D0EC9BB2AED1BCD0061ADC4 /* OIMCustomElem.m in Sources */ = {isa = PBXBuildFile; fileRef = 4D0EC96E2AED1BCD0061ADC4 /* OIMCustomElem.m */; };
		4D0EC9BC2AED1BCD0061ADC4 /* OIMMessageElem.m in Sources */ = {isa = PBXBuildFile; fileRef = 4D0EC96F2AED1BCD0061ADC4 /* OIMMessageElem.m */; };
		4D0EC9BD2AED1BCD0061ADC4 /* OIMQuoteElem.m in Sources */ = {isa = PBXBuildFile; fileRef = 4D0EC9712AED1BCD0061ADC4 /* OIMQuoteElem.m */; };
		4D0EC9BE2AED1BCD0061ADC4 /* OIMNotificationElem.m in Sources */ = {isa = PBXBuildFile; fileRef = 4D0EC9722AED1BCD0061ADC4 /* OIMNotificationElem.m */; };
		4D0EC9BF2AED1BCD0061ADC4 /* OIMMessageInfo.m in Sources */ = {isa = PBXBuildFile; fileRef = 4D0EC9742AED1BCD0061ADC4 /* OIMMessageInfo.m */; };
		4D0EC9C02AED1BCD0061ADC4 /* OIMFullUserInfo.m in Sources */ = {isa = PBXBuildFile; fileRef = 4D0EC9752AED1BCD0061ADC4 /* OIMFullUserInfo.m */; };
		4D0EC9C12AED1BCD0061ADC4 /* OIMPictureElem.m in Sources */ = {isa = PBXBuildFile; fileRef = 4D0EC9772AED1BCD0061ADC4 /* OIMPictureElem.m */; };
		4D0EC9C22AED1BCD0061ADC4 /* OIMTransferElem.m in Sources */ = {isa = PBXBuildFile; fileRef = 4D0EC9782AED1BCD0061ADC4 /* OIMTransferElem.m */; };
		4D0EC9C32AED1BCD0061ADC4 /* OIMAttachedInfoElem.m in Sources */ = {isa = PBXBuildFile; fileRef = 4D0EC9792AED1BCD0061ADC4 /* OIMAttachedInfoElem.m */; };
		4D0EC9C42AED1BCD0061ADC4 /* OIMConversationInfo.m in Sources */ = {isa = PBXBuildFile; fileRef = 4D0EC97E2AED1BCD0061ADC4 /* OIMConversationInfo.m */; };
		4D0EC9C52AED1BCD0061ADC4 /* OIMFriendApplication.m in Sources */ = {isa = PBXBuildFile; fileRef = 4D0EC97F2AED1BCD0061ADC4 /* OIMFriendApplication.m */; };
		4D0EC9C62AED1BCD0061ADC4 /* OIMSearchParam.m in Sources */ = {isa = PBXBuildFile; fileRef = 4D0EC9802AED1BCD0061ADC4 /* OIMSearchParam.m */; };
		4D0EC9C72AED1BCD0061ADC4 /* OIMLocationElem.m in Sources */ = {isa = PBXBuildFile; fileRef = 4D0EC9822AED1BCD0061ADC4 /* OIMLocationElem.m */; };
		4D0EC9C82AED1BCD0061ADC4 /* OIMSimpleRequstInfo.m in Sources */ = {isa = PBXBuildFile; fileRef = 4D0EC9842AED1BCD0061ADC4 /* OIMSimpleRequstInfo.m */; };
		4D0EC9C92AED1BCD0061ADC4 /* OIMFileElem.m in Sources */ = {isa = PBXBuildFile; fileRef = 4D0EC9852AED1BCD0061ADC4 /* OIMFileElem.m */; };
		4D0EC9CA2AED1BCD0061ADC4 /* OIMAtElem.m in Sources */ = {isa = PBXBuildFile; fileRef = 4D0EC9892AED1BCD0061ADC4 /* OIMAtElem.m */; };
		4D0EC9CB2AED1BCD0061ADC4 /* OIMRedPacketElem.m in Sources */ = {isa = PBXBuildFile; fileRef = 4D0EC98A2AED1BCD0061ADC4 /* OIMRedPacketElem.m */; };
		4D0EC9CC2AED1BCD0061ADC4 /* OIMGroupMemberInfo.m in Sources */ = {isa = PBXBuildFile; fileRef = 4D0EC98B2AED1BCD0061ADC4 /* OIMGroupMemberInfo.m */; };
		4D0EC9CD2AED1BCD0061ADC4 /* OIMGroupApplicationInfo.m in Sources */ = {isa = PBXBuildFile; fileRef = 4D0EC98F2AED1BCD0061ADC4 /* OIMGroupApplicationInfo.m */; };
		4D0EC9CE2AED1BCD0061ADC4 /* OIMSearchResultInfo.m in Sources */ = {isa = PBXBuildFile; fileRef = 4D0EC9902AED1BCD0061ADC4 /* OIMSearchResultInfo.m */; };
		4D0EC9CF2AED1BCD0061ADC4 /* OIMGroupInfo.m in Sources */ = {isa = PBXBuildFile; fileRef = 4D0EC9912AED1BCD0061ADC4 /* OIMGroupInfo.m */; };
		4D0EC9D02AED1BCD0061ADC4 /* OIMSimpleResultInfo.m in Sources */ = {isa = PBXBuildFile; fileRef = 4D0EC9922AED1BCD0061ADC4 /* OIMSimpleResultInfo.m */; };
		4D0EC9D12AED1BCD0061ADC4 /* OIMVideoElem.m in Sources */ = {isa = PBXBuildFile; fileRef = 4D0EC9932AED1BCD0061ADC4 /* OIMVideoElem.m */; };
		4D0EC9D22AED1BCD0061ADC4 /* OIMSoundElem.m in Sources */ = {isa = PBXBuildFile; fileRef = 4D0EC9942AED1BCD0061ADC4 /* OIMSoundElem.m */; };
		4D0EC9D32AED1BCD0061ADC4 /* OIMMergeElem.m in Sources */ = {isa = PBXBuildFile; fileRef = 4D0EC9972AED1BCD0061ADC4 /* OIMMergeElem.m */; };
		4D0EC9D42AED1BCE0061ADC4 /* UploadFileCallbackProxy.m in Sources */ = {isa = PBXBuildFile; fileRef = 4D0EC99B2AED1BCD0061ADC4 /* UploadFileCallbackProxy.m */; };
		4D0EC9D52AED1BCE0061ADC4 /* SendMessageCallbackProxy.m in Sources */ = {isa = PBXBuildFile; fileRef = 4D0EC99C2AED1BCD0061ADC4 /* SendMessageCallbackProxy.m */; };
		4D0EC9D62AED1BCE0061ADC4 /* CallbackProxy.m in Sources */ = {isa = PBXBuildFile; fileRef = 4D0EC99D2AED1BCD0061ADC4 /* CallbackProxy.m */; };
		4D54C4C02B6103EC0029F475 /* OIMManager+Call.m in Sources */ = {isa = PBXBuildFile; fileRef = 4D54C4BF2B6103EC0029F475 /* OIMManager+Call.m */; };
		4D54C4C12B6103EC0029F475 /* OIMManager+Call.m in Sources */ = {isa = PBXBuildFile; fileRef = 4D54C4BF2B6103EC0029F475 /* OIMManager+Call.m */; };
		4DE6A2622B6F2FDD00AA72BA /* OIMSignalVoiceInfo.m in Sources */ = {isa = PBXBuildFile; fileRef = 4DE6A2612B6F2FDD00AA72BA /* OIMSignalVoiceInfo.m */; };
		6003F58E195388D20070C39A /* Foundation.framework in Frameworks */ = {isa = PBXBuildFile; fileRef = 6003F58D195388D20070C39A /* Foundation.framework */; };
		6003F590195388D20070C39A /* CoreGraphics.framework in Frameworks */ = {isa = PBXBuildFile; fileRef = 6003F58F195388D20070C39A /* CoreGraphics.framework */; };
		6003F592195388D20070C39A /* UIKit.framework in Frameworks */ = {isa = PBXBuildFile; fileRef = 6003F591195388D20070C39A /* UIKit.framework */; };
		6003F598195388D20070C39A /* InfoPlist.strings in Resources */ = {isa = PBXBuildFile; fileRef = 6003F596195388D20070C39A /* InfoPlist.strings */; };
		6003F59A195388D20070C39A /* main.m in Sources */ = {isa = PBXBuildFile; fileRef = 6003F599195388D20070C39A /* main.m */; };
		6003F59E195388D20070C39A /* OPENIMSDKAppDelegate.m in Sources */ = {isa = PBXBuildFile; fileRef = 6003F59D195388D20070C39A /* OPENIMSDKAppDelegate.m */; };
		6003F5A7195388D20070C39A /* OPENIMSDKViewController.m in Sources */ = {isa = PBXBuildFile; fileRef = 6003F5A6195388D20070C39A /* OPENIMSDKViewController.m */; };
		6003F5A9195388D20070C39A /* Images.xcassets in Resources */ = {isa = PBXBuildFile; fileRef = 6003F5A8195388D20070C39A /* Images.xcassets */; };
		6003F5B0195388D20070C39A /* XCTest.framework in Frameworks */ = {isa = PBXBuildFile; fileRef = 6003F5AF195388D20070C39A /* XCTest.framework */; };
		6003F5B1195388D20070C39A /* Foundation.framework in Frameworks */ = {isa = PBXBuildFile; fileRef = 6003F58D195388D20070C39A /* Foundation.framework */; };
		6003F5B2195388D20070C39A /* UIKit.framework in Frameworks */ = {isa = PBXBuildFile; fileRef = 6003F591195388D20070C39A /* UIKit.framework */; };
		6003F5BA195388D20070C39A /* InfoPlist.strings in Resources */ = {isa = PBXBuildFile; fileRef = 6003F5B8195388D20070C39A /* InfoPlist.strings */; };
		6003F5BC195388D20070C39A /* Tests.m in Sources */ = {isa = PBXBuildFile; fileRef = 6003F5BB195388D20070C39A /* Tests.m */; };
		71719F9F1E33DC2100824A3D /* LaunchScreen.storyboard in Resources */ = {isa = PBXBuildFile; fileRef = 71719F9D1E33DC2100824A3D /* LaunchScreen.storyboard */; };
		873B8AEB1B1F5CCA007FD442 /* Main.storyboard in Resources */ = {isa = PBXBuildFile; fileRef = 873B8AEA1B1F5CCA007FD442 /* Main.storyboard */; };
		C5ABE5075A26E6FF4B7172EB /* Pods_OpenIMSDKiOS_Tests.framework in Frameworks */ = {isa = PBXBuildFile; fileRef = 6A8B483ED24998C173F371FA /* Pods_OpenIMSDKiOS_Tests.framework */; };
/* End PBXBuildFile section */

/* Begin PBXContainerItemProxy section */
		6003F5B3195388D20070C39A /* PBXContainerItemProxy */ = {
			isa = PBXContainerItemProxy;
			containerPortal = 6003F582195388D10070C39A /* Project object */;
			proxyType = 1;
			remoteGlobalIDString = 6003F589195388D20070C39A;
			remoteInfo = OpenIMSDKiOS;
		};
/* End PBXContainerItemProxy section */

/* Begin PBXFileReference section */
		17918D0527BC8F380040C924 /* OPENIMSDKTableViewCell.h */ = {isa = PBXFileReference; lastKnownFileType = sourcecode.c.h; path = OPENIMSDKTableViewCell.h; sourceTree = "<group>"; };
		17918D0627BC8F380040C924 /* OPENIMSDKTableViewCell.m */ = {isa = PBXFileReference; lastKnownFileType = sourcecode.c.objc; path = OPENIMSDKTableViewCell.m; sourceTree = "<group>"; };
		17CADD2527C7227F0069C80E /* photo_test.jpeg */ = {isa = PBXFileReference; lastKnownFileType = image.jpeg; path = photo_test.jpeg; sourceTree = "<group>"; };
		17CADD2627C7227F0069C80E /* voice_test.m4a */ = {isa = PBXFileReference; lastKnownFileType = file; path = voice_test.m4a; sourceTree = "<group>"; };
		17CADD2927C738630069C80E /* video_test.mp4 */ = {isa = PBXFileReference; lastKnownFileType = file; path = video_test.mp4; sourceTree = "<group>"; };
		17CADD2B27C7781C0069C80E /* file_test.zip */ = {isa = PBXFileReference; lastKnownFileType = archive.zip; path = file_test.zip; sourceTree = "<group>"; };
		453F34D8D2D31FBC4FE60C5A /* Pods-OpenIMSDKiOS_Example.release.xcconfig */ = {isa = PBXFileReference; includeInIndex = 1; lastKnownFileType = text.xcconfig; name = "Pods-OpenIMSDKiOS_Example.release.xcconfig"; path = "Target Support Files/Pods-OpenIMSDKiOS_Example/Pods-OpenIMSDKiOS_Example.release.xcconfig"; sourceTree = "<group>"; };
		4D0EC91C2AECF88E0061ADC4 /* OpenIMCore.xcframework */ = {isa = PBXFileReference; lastKnownFileType = wrapper.xcframework; name = OpenIMCore.xcframework; path = ../OpenIMSDK/OpenIMCore.xcframework; sourceTree = "<group>"; };
		4D0EC91E2AECFAE10061ADC4 /* OpenIMCore.xcframework */ = {isa = PBXFileReference; lastKnownFileType = wrapper.xcframework; name = OpenIMCore.xcframework; path = ../OpenIMSDK/Libs/OpenIMCore.xcframework; sourceTree = "<group>"; };
		4D0EC9262AED1A4E0061ADC4 /* libresolv.tbd */ = {isa = PBXFileReference; lastKnownFileType = "sourcecode.text-based-dylib-definition"; name = libresolv.tbd; path = usr/lib/libresolv.tbd; sourceTree = SDKROOT; };
		4D0EC92C2AED1BCD0061ADC4 /* OIMGCDMulticastDelegate.m */ = {isa = PBXFileReference; fileEncoding = 4; lastKnownFileType = sourcecode.c.objc; path = OIMGCDMulticastDelegate.m; sourceTree = "<group>"; };
		4D0EC92D2AED1BCD0061ADC4 /* OIMCallbacker+Closure.h */ = {isa = PBXFileReference; fileEncoding = 4; lastKnownFileType = sourcecode.c.h; path = "OIMCallbacker+Closure.h"; sourceTree = "<group>"; };
		4D0EC92E2AED1BCD0061ADC4 /* OIMCallbacker.h */ = {isa = PBXFileReference; fileEncoding = 4; lastKnownFileType = sourcecode.c.h; path = OIMCallbacker.h; sourceTree = "<group>"; };
		4D0EC92F2AED1BCD0061ADC4 /* OIMCallbacker+Closure.m */ = {isa = PBXFileReference; fileEncoding = 4; lastKnownFileType = sourcecode.c.objc; path = "OIMCallbacker+Closure.m"; sourceTree = "<group>"; };
		4D0EC9302AED1BCD0061ADC4 /* OIMGCDMulticastDelegate.h */ = {isa = PBXFileReference; fileEncoding = 4; lastKnownFileType = sourcecode.c.h; path = OIMGCDMulticastDelegate.h; sourceTree = "<group>"; };
		4D0EC9312AED1BCD0061ADC4 /* OIMCallbacker.m */ = {isa = PBXFileReference; fileEncoding = 4; lastKnownFileType = sourcecode.c.objc; path = OIMCallbacker.m; sourceTree = "<group>"; };
		4D0EC9332AED1BCD0061ADC4 /* OIMManager+Connection.h */ = {isa = PBXFileReference; fileEncoding = 4; lastKnownFileType = sourcecode.c.h; path = "OIMManager+Connection.h"; sourceTree = "<group>"; };
		4D0EC9342AED1BCD0061ADC4 /* OIMManager+Group.h */ = {isa = PBXFileReference; fileEncoding = 4; lastKnownFileType = sourcecode.c.h; path = "OIMManager+Group.h"; sourceTree = "<group>"; };
		4D0EC9352AED1BCD0061ADC4 /* OIMManager+Message.h */ = {isa = PBXFileReference; fileEncoding = 4; lastKnownFileType = sourcecode.c.h; path = "OIMManager+Message.h"; sourceTree = "<group>"; };
		4D0EC9362AED1BCD0061ADC4 /* OIMManager+Conversation.h */ = {isa = PBXFileReference; fileEncoding = 4; lastKnownFileType = sourcecode.c.h; path = "OIMManager+Conversation.h"; sourceTree = "<group>"; };
		4D0EC9372AED1BCD0061ADC4 /* OIMManager+Friend.m */ = {isa = PBXFileReference; fileEncoding = 4; lastKnownFileType = sourcecode.c.objc; path = "OIMManager+Friend.m"; sourceTree = "<group>"; };
		4D0EC9382AED1BCD0061ADC4 /* OIMManager.h */ = {isa = PBXFileReference; fileEncoding = 4; lastKnownFileType = sourcecode.c.h; path = OIMManager.h; sourceTree = "<group>"; };
		4D0EC9392AED1BCD0061ADC4 /* OIMManager+User.m */ = {isa = PBXFileReference; fileEncoding = 4; lastKnownFileType = sourcecode.c.objc; path = "OIMManager+User.m"; sourceTree = "<group>"; };
		4D0EC93A2AED1BCD0061ADC4 /* OIMManager+Login.h */ = {isa = PBXFileReference; fileEncoding = 4; lastKnownFileType = sourcecode.c.h; path = "OIMManager+Login.h"; sourceTree = "<group>"; };
		4D0EC93B2AED1BCD0061ADC4 /* OIMManager+Message.m */ = {isa = PBXFileReference; fileEncoding = 4; lastKnownFileType = sourcecode.c.objc; path = "OIMManager+Message.m"; sourceTree = "<group>"; };
		4D0EC93C2AED1BCD0061ADC4 /* OIMManager+Conversation.m */ = {isa = PBXFileReference; fileEncoding = 4; lastKnownFileType = sourcecode.c.objc; path = "OIMManager+Conversation.m"; sourceTree = "<group>"; };
		4D0EC93D2AED1BCD0061ADC4 /* OIMManager+Group.m */ = {isa = PBXFileReference; fileEncoding = 4; lastKnownFileType = sourcecode.c.objc; path = "OIMManager+Group.m"; sourceTree = "<group>"; };
		4D0EC93E2AED1BCD0061ADC4 /* OIMManager+Connection.m */ = {isa = PBXFileReference; fileEncoding = 4; lastKnownFileType = sourcecode.c.objc; path = "OIMManager+Connection.m"; sourceTree = "<group>"; };
		4D0EC93F2AED1BCD0061ADC4 /* OIMManager.m */ = {isa = PBXFileReference; fileEncoding = 4; lastKnownFileType = sourcecode.c.objc; path = OIMManager.m; sourceTree = "<group>"; };
		4D0EC9402AED1BCD0061ADC4 /* OIMManager+Friend.h */ = {isa = PBXFileReference; fileEncoding = 4; lastKnownFileType = sourcecode.c.h; path = "OIMManager+Friend.h"; sourceTree = "<group>"; };
		4D0EC9412AED1BCD0061ADC4 /* OIMManager+User.h */ = {isa = PBXFileReference; fileEncoding = 4; lastKnownFileType = sourcecode.c.h; path = "OIMManager+User.h"; sourceTree = "<group>"; };
		4D0EC9422AED1BCD0061ADC4 /* OIMManager+Login.m */ = {isa = PBXFileReference; fileEncoding = 4; lastKnownFileType = sourcecode.c.objc; path = "OIMManager+Login.m"; sourceTree = "<group>"; };
		4D0EC9442AED1BCD0061ADC4 /* MJPropertyKey.h */ = {isa = PBXFileReference; fileEncoding = 4; lastKnownFileType = sourcecode.c.h; path = MJPropertyKey.h; sourceTree = "<group>"; };
		4D0EC9452AED1BCD0061ADC4 /* NSObject+MJClass.h */ = {isa = PBXFileReference; fileEncoding = 4; lastKnownFileType = sourcecode.c.h; path = "NSObject+MJClass.h"; sourceTree = "<group>"; };
		4D0EC9462AED1BCD0061ADC4 /* NSString+MJExtension.h */ = {isa = PBXFileReference; fileEncoding = 4; lastKnownFileType = sourcecode.c.h; path = "NSString+MJExtension.h"; sourceTree = "<group>"; };
		4D0EC9472AED1BCD0061ADC4 /* MJPropertyType.m */ = {isa = PBXFileReference; fileEncoding = 4; lastKnownFileType = sourcecode.c.objc; path = MJPropertyType.m; sourceTree = "<group>"; };
		4D0EC9482AED1BCD0061ADC4 /* NSObject+MJProperty.h */ = {isa = PBXFileReference; fileEncoding = 4; lastKnownFileType = sourcecode.c.h; path = "NSObject+MJProperty.h"; sourceTree = "<group>"; };
		4D0EC9492AED1BCD0061ADC4 /* MJExtensionConst.h */ = {isa = PBXFileReference; fileEncoding = 4; lastKnownFileType = sourcecode.c.h; path = MJExtensionConst.h; sourceTree = "<group>"; };
		4D0EC94A2AED1BCD0061ADC4 /* NSObject+MJKeyValue.m */ = {isa = PBXFileReference; fileEncoding = 4; lastKnownFileType = sourcecode.c.objc; path = "NSObject+MJKeyValue.m"; sourceTree = "<group>"; };
		4D0EC94B2AED1BCD0061ADC4 /* MJProperty.m */ = {isa = PBXFileReference; fileEncoding = 4; lastKnownFileType = sourcecode.c.objc; path = MJProperty.m; sourceTree = "<group>"; };
		4D0EC94C2AED1BCD0061ADC4 /* MJFoundation.h */ = {isa = PBXFileReference; fileEncoding = 4; lastKnownFileType = sourcecode.c.h; path = MJFoundation.h; sourceTree = "<group>"; };
		4D0EC94D2AED1BCD0061ADC4 /* NSObject+MJCoding.m */ = {isa = PBXFileReference; fileEncoding = 4; lastKnownFileType = sourcecode.c.objc; path = "NSObject+MJCoding.m"; sourceTree = "<group>"; };
		4D0EC94E2AED1BCD0061ADC4 /* MJExtension.h */ = {isa = PBXFileReference; fileEncoding = 4; lastKnownFileType = sourcecode.c.h; path = MJExtension.h; sourceTree = "<group>"; };
		4D0EC94F2AED1BCD0061ADC4 /* MJExtensionConst.m */ = {isa = PBXFileReference; fileEncoding = 4; lastKnownFileType = sourcecode.c.objc; path = MJExtensionConst.m; sourceTree = "<group>"; };
		4D0EC9502AED1BCD0061ADC4 /* NSObject+MJProperty.m */ = {isa = PBXFileReference; fileEncoding = 4; lastKnownFileType = sourcecode.c.objc; path = "NSObject+MJProperty.m"; sourceTree = "<group>"; };
		4D0EC9512AED1BCD0061ADC4 /* MJPropertyType.h */ = {isa = PBXFileReference; fileEncoding = 4; lastKnownFileType = sourcecode.c.h; path = MJPropertyType.h; sourceTree = "<group>"; };
		4D0EC9522AED1BCD0061ADC4 /* NSObject+MJClass.m */ = {isa = PBXFileReference; fileEncoding = 4; lastKnownFileType = sourcecode.c.objc; path = "NSObject+MJClass.m"; sourceTree = "<group>"; };
		4D0EC9532AED1BCD0061ADC4 /* NSString+MJExtension.m */ = {isa = PBXFileReference; fileEncoding = 4; lastKnownFileType = sourcecode.c.objc; path = "NSString+MJExtension.m"; sourceTree = "<group>"; };
		4D0EC9542AED1BCD0061ADC4 /* MJPropertyKey.m */ = {isa = PBXFileReference; fileEncoding = 4; lastKnownFileType = sourcecode.c.objc; path = MJPropertyKey.m; sourceTree = "<group>"; };
		4D0EC9552AED1BCD0061ADC4 /* MJProperty.h */ = {isa = PBXFileReference; fileEncoding = 4; lastKnownFileType = sourcecode.c.h; path = MJProperty.h; sourceTree = "<group>"; };
		4D0EC9562AED1BCD0061ADC4 /* NSObject+MJKeyValue.h */ = {isa = PBXFileReference; fileEncoding = 4; lastKnownFileType = sourcecode.c.h; path = "NSObject+MJKeyValue.h"; sourceTree = "<group>"; };
		4D0EC9572AED1BCD0061ADC4 /* NSObject+MJCoding.h */ = {isa = PBXFileReference; fileEncoding = 4; lastKnownFileType = sourcecode.c.h; path = "NSObject+MJCoding.h"; sourceTree = "<group>"; };
		4D0EC9582AED1BCD0061ADC4 /* MJFoundation.m */ = {isa = PBXFileReference; fileEncoding = 4; lastKnownFileType = sourcecode.c.objc; path = MJFoundation.m; sourceTree = "<group>"; };
		4D0EC9592AED1BCD0061ADC4 /* OpenIMCore.xcframework */ = {isa = PBXFileReference; lastKnownFileType = wrapper.xcframework; path = OpenIMCore.xcframework; sourceTree = "<group>"; };
		4D0EC95B2AED1BCD0061ADC4 /* OIMDefinetest.h */ = {isa = PBXFileReference; fileEncoding = 4; lastKnownFileType = sourcecode.c.h; path = OIMDefinetest.h; sourceTree = "<group>"; };
		4D0EC95C2AED1BCD0061ADC4 /* OpenIMSDK.h */ = {isa = PBXFileReference; fileEncoding = 4; lastKnownFileType = sourcecode.c.h; path = OpenIMSDK.h; sourceTree = "<group>"; };
		4D0EC95E2AED1BCD0061ADC4 /* Reachability.m */ = {isa = PBXFileReference; fileEncoding = 4; lastKnownFileType = sourcecode.c.objc; path = Reachability.m; sourceTree = "<group>"; };
		4D0EC95F2AED1BCD0061ADC4 /* OIMDefine.h */ = {isa = PBXFileReference; fileEncoding = 4; lastKnownFileType = sourcecode.c.h; path = OIMDefine.h; sourceTree = "<group>"; };
		4D0EC9602AED1BCD0061ADC4 /* Reachability.h */ = {isa = PBXFileReference; fileEncoding = 4; lastKnownFileType = sourcecode.c.h; path = Reachability.h; sourceTree = "<group>"; };
		4D0EC9622AED1BCD0061ADC4 /* OIMUserInfo.m */ = {isa = PBXFileReference; fileEncoding = 4; lastKnownFileType = sourcecode.c.objc; path = OIMUserInfo.m; sourceTree = "<group>"; };
		4D0EC9632AED1BCD0061ADC4 /* OIMFileElem.h */ = {isa = PBXFileReference; fileEncoding = 4; lastKnownFileType = sourcecode.c.h; path = OIMFileElem.h; sourceTree = "<group>"; };
		4D0EC9642AED1BCD0061ADC4 /* OIMSimpleRequstInfo.h */ = {isa = PBXFileReference; fileEncoding = 4; lastKnownFileType = sourcecode.c.h; path = OIMSimpleRequstInfo.h; sourceTree = "<group>"; };
		4D0EC9652AED1BCD0061ADC4 /* RedPacketInfo.m */ = {isa = PBXFileReference; fileEncoding = 4; lastKnownFileType = sourcecode.c.objc; path = RedPacketInfo.m; sourceTree = "<group>"; };
		4D0EC9662AED1BCD0061ADC4 /* OIMLocationElem.h */ = {isa = PBXFileReference; fileEncoding = 4; lastKnownFileType = sourcecode.c.h; path = OIMLocationElem.h; sourceTree = "<group>"; };
		4D0EC9672AED1BCD0061ADC4 /* OIMFaceElem.m */ = {isa = PBXFileReference; fileEncoding = 4; lastKnownFileType = sourcecode.c.objc; path = OIMFaceElem.m; sourceTree = "<group>"; };
		4D0EC9682AED1BCD0061ADC4 /* OIMSearchParam.h */ = {isa = PBXFileReference; fileEncoding = 4; lastKnownFileType = sourcecode.c.h; path = OIMSearchParam.h; sourceTree = "<group>"; };
		4D0EC9692AED1BCD0061ADC4 /* OIMFriendApplication.h */ = {isa = PBXFileReference; fileEncoding = 4; lastKnownFileType = sourcecode.c.h; path = OIMFriendApplication.h; sourceTree = "<group>"; };
		4D0EC96A2AED1BCD0061ADC4 /* OIMConversationInfo.h */ = {isa = PBXFileReference; fileEncoding = 4; lastKnownFileType = sourcecode.c.h; path = OIMConversationInfo.h; sourceTree = "<group>"; };
		4D0EC96B2AED1BCD0061ADC4 /* OIMGroupMemberInfo.h */ = {isa = PBXFileReference; fileEncoding = 4; lastKnownFileType = sourcecode.c.h; path = OIMGroupMemberInfo.h; sourceTree = "<group>"; };
		4D0EC96C2AED1BCD0061ADC4 /* OIMRedPacketElem.h */ = {isa = PBXFileReference; fileEncoding = 4; lastKnownFileType = sourcecode.c.h; path = OIMRedPacketElem.h; sourceTree = "<group>"; };
		4D0EC96D2AED1BCD0061ADC4 /* OIMAtElem.h */ = {isa = PBXFileReference; fileEncoding = 4; lastKnownFileType = sourcecode.c.h; path = OIMAtElem.h; sourceTree = "<group>"; };
		4D0EC96E2AED1BCD0061ADC4 /* OIMCustomElem.m */ = {isa = PBXFileReference; fileEncoding = 4; lastKnownFileType = sourcecode.c.objc; path = OIMCustomElem.m; sourceTree = "<group>"; };
		4D0EC96F2AED1BCD0061ADC4 /* OIMMessageElem.m */ = {isa = PBXFileReference; fileEncoding = 4; lastKnownFileType = sourcecode.c.objc; path = OIMMessageElem.m; sourceTree = "<group>"; };
		4D0EC9702AED1BCD0061ADC4 /* OIMSearchResultInfo.h */ = {isa = PBXFileReference; fileEncoding = 4; lastKnownFileType = sourcecode.c.h; path = OIMSearchResultInfo.h; sourceTree = "<group>"; };
		4D0EC9712AED1BCD0061ADC4 /* OIMQuoteElem.m */ = {isa = PBXFileReference; fileEncoding = 4; lastKnownFileType = sourcecode.c.objc; path = OIMQuoteElem.m; sourceTree = "<group>"; };
		4D0EC9722AED1BCD0061ADC4 /* OIMNotificationElem.m */ = {isa = PBXFileReference; fileEncoding = 4; lastKnownFileType = sourcecode.c.objc; path = OIMNotificationElem.m; sourceTree = "<group>"; };
		4D0EC9732AED1BCD0061ADC4 /* OIMGroupApplicationInfo.h */ = {isa = PBXFileReference; fileEncoding = 4; lastKnownFileType = sourcecode.c.h; path = OIMGroupApplicationInfo.h; sourceTree = "<group>"; };
		4D0EC9742AED1BCD0061ADC4 /* OIMMessageInfo.m */ = {isa = PBXFileReference; fileEncoding = 4; lastKnownFileType = sourcecode.c.objc; path = OIMMessageInfo.m; sourceTree = "<group>"; };
		4D0EC9752AED1BCD0061ADC4 /* OIMFullUserInfo.m */ = {isa = PBXFileReference; fileEncoding = 4; lastKnownFileType = sourcecode.c.objc; path = OIMFullUserInfo.m; sourceTree = "<group>"; };
		4D0EC9762AED1BCD0061ADC4 /* OIMMergeElem.h */ = {isa = PBXFileReference; fileEncoding = 4; lastKnownFileType = sourcecode.c.h; path = OIMMergeElem.h; sourceTree = "<group>"; };
		4D0EC9772AED1BCD0061ADC4 /* OIMPictureElem.m */ = {isa = PBXFileReference; fileEncoding = 4; lastKnownFileType = sourcecode.c.objc; path = OIMPictureElem.m; sourceTree = "<group>"; };
		4D0EC9782AED1BCD0061ADC4 /* OIMTransferElem.m */ = {isa = PBXFileReference; fileEncoding = 4; lastKnownFileType = sourcecode.c.objc; path = OIMTransferElem.m; sourceTree = "<group>"; };
		4D0EC9792AED1BCD0061ADC4 /* OIMAttachedInfoElem.m */ = {isa = PBXFileReference; fileEncoding = 4; lastKnownFileType = sourcecode.c.objc; path = OIMAttachedInfoElem.m; sourceTree = "<group>"; };
		4D0EC97A2AED1BCD0061ADC4 /* OIMVideoElem.h */ = {isa = PBXFileReference; fileEncoding = 4; lastKnownFileType = sourcecode.c.h; path = OIMVideoElem.h; sourceTree = "<group>"; };
		4D0EC97B2AED1BCD0061ADC4 /* OIMSoundElem.h */ = {isa = PBXFileReference; fileEncoding = 4; lastKnownFileType = sourcecode.c.h; path = OIMSoundElem.h; sourceTree = "<group>"; };
		4D0EC97C2AED1BCD0061ADC4 /* OIMGroupInfo.h */ = {isa = PBXFileReference; fileEncoding = 4; lastKnownFileType = sourcecode.c.h; path = OIMGroupInfo.h; sourceTree = "<group>"; };
		4D0EC97D2AED1BCD0061ADC4 /* OIMSimpleResultInfo.h */ = {isa = PBXFileReference; fileEncoding = 4; lastKnownFileType = sourcecode.c.h; path = OIMSimpleResultInfo.h; sourceTree = "<group>"; };
		4D0EC97E2AED1BCD0061ADC4 /* OIMConversationInfo.m */ = {isa = PBXFileReference; fileEncoding = 4; lastKnownFileType = sourcecode.c.objc; path = OIMConversationInfo.m; sourceTree = "<group>"; };
		4D0EC97F2AED1BCD0061ADC4 /* OIMFriendApplication.m */ = {isa = PBXFileReference; fileEncoding = 4; lastKnownFileType = sourcecode.c.objc; path = OIMFriendApplication.m; sourceTree = "<group>"; };
		4D0EC9802AED1BCD0061ADC4 /* OIMSearchParam.m */ = {isa = PBXFileReference; fileEncoding = 4; lastKnownFileType = sourcecode.c.objc; path = OIMSearchParam.m; sourceTree = "<group>"; };
		4D0EC9812AED1BCD0061ADC4 /* OIMFaceElem.h */ = {isa = PBXFileReference; fileEncoding = 4; lastKnownFileType = sourcecode.c.h; path = OIMFaceElem.h; sourceTree = "<group>"; };
		4D0EC9822AED1BCD0061ADC4 /* OIMLocationElem.m */ = {isa = PBXFileReference; fileEncoding = 4; lastKnownFileType = sourcecode.c.objc; path = OIMLocationElem.m; sourceTree = "<group>"; };
		4D0EC9832AED1BCD0061ADC4 /* RedPacketInfo.h */ = {isa = PBXFileReference; fileEncoding = 4; lastKnownFileType = sourcecode.c.h; path = RedPacketInfo.h; sourceTree = "<group>"; };
		4D0EC9842AED1BCD0061ADC4 /* OIMSimpleRequstInfo.m */ = {isa = PBXFileReference; fileEncoding = 4; lastKnownFileType = sourcecode.c.objc; path = OIMSimpleRequstInfo.m; sourceTree = "<group>"; };
		4D0EC9852AED1BCD0061ADC4 /* OIMFileElem.m */ = {isa = PBXFileReference; fileEncoding = 4; lastKnownFileType = sourcecode.c.objc; path = OIMFileElem.m; sourceTree = "<group>"; };
		4D0EC9862AED1BCD0061ADC4 /* OIMUserInfo.h */ = {isa = PBXFileReference; fileEncoding = 4; lastKnownFileType = sourcecode.c.h; path = OIMUserInfo.h; sourceTree = "<group>"; };
		4D0EC9872AED1BCD0061ADC4 /* OIMMessageElem.h */ = {isa = PBXFileReference; fileEncoding = 4; lastKnownFileType = sourcecode.c.h; path = OIMMessageElem.h; sourceTree = "<group>"; };
		4D0EC9882AED1BCD0061ADC4 /* OIMCustomElem.h */ = {isa = PBXFileReference; fileEncoding = 4; lastKnownFileType = sourcecode.c.h; path = OIMCustomElem.h; sourceTree = "<group>"; };
		4D0EC9892AED1BCD0061ADC4 /* OIMAtElem.m */ = {isa = PBXFileReference; fileEncoding = 4; lastKnownFileType = sourcecode.c.objc; path = OIMAtElem.m; sourceTree = "<group>"; };
		4D0EC98A2AED1BCD0061ADC4 /* OIMRedPacketElem.m */ = {isa = PBXFileReference; fileEncoding = 4; lastKnownFileType = sourcecode.c.objc; path = OIMRedPacketElem.m; sourceTree = "<group>"; };
		4D0EC98B2AED1BCD0061ADC4 /* OIMGroupMemberInfo.m */ = {isa = PBXFileReference; fileEncoding = 4; lastKnownFileType = sourcecode.c.objc; path = OIMGroupMemberInfo.m; sourceTree = "<group>"; };
		4D0EC98C2AED1BCD0061ADC4 /* OIMMessageInfo.h */ = {isa = PBXFileReference; fileEncoding = 4; lastKnownFileType = sourcecode.c.h; path = OIMMessageInfo.h; sourceTree = "<group>"; };
		4D0EC98D2AED1BCD0061ADC4 /* OIMQuoteElem.h */ = {isa = PBXFileReference; fileEncoding = 4; lastKnownFileType = sourcecode.c.h; path = OIMQuoteElem.h; sourceTree = "<group>"; };
		4D0EC98E2AED1BCD0061ADC4 /* OIMNotificationElem.h */ = {isa = PBXFileReference; fileEncoding = 4; lastKnownFileType = sourcecode.c.h; path = OIMNotificationElem.h; sourceTree = "<group>"; };
		4D0EC98F2AED1BCD0061ADC4 /* OIMGroupApplicationInfo.m */ = {isa = PBXFileReference; fileEncoding = 4; lastKnownFileType = sourcecode.c.objc; path = OIMGroupApplicationInfo.m; sourceTree = "<group>"; };
		4D0EC9902AED1BCD0061ADC4 /* OIMSearchResultInfo.m */ = {isa = PBXFileReference; fileEncoding = 4; lastKnownFileType = sourcecode.c.objc; path = OIMSearchResultInfo.m; sourceTree = "<group>"; };
		4D0EC9912AED1BCD0061ADC4 /* OIMGroupInfo.m */ = {isa = PBXFileReference; fileEncoding = 4; lastKnownFileType = sourcecode.c.objc; path = OIMGroupInfo.m; sourceTree = "<group>"; };
		4D0EC9922AED1BCD0061ADC4 /* OIMSimpleResultInfo.m */ = {isa = PBXFileReference; fileEncoding = 4; lastKnownFileType = sourcecode.c.objc; path = OIMSimpleResultInfo.m; sourceTree = "<group>"; };
		4D0EC9932AED1BCD0061ADC4 /* OIMVideoElem.m */ = {isa = PBXFileReference; fileEncoding = 4; lastKnownFileType = sourcecode.c.objc; path = OIMVideoElem.m; sourceTree = "<group>"; };
		4D0EC9942AED1BCD0061ADC4 /* OIMSoundElem.m */ = {isa = PBXFileReference; fileEncoding = 4; lastKnownFileType = sourcecode.c.objc; path = OIMSoundElem.m; sourceTree = "<group>"; };
		4D0EC9952AED1BCD0061ADC4 /* OIMAttachedInfoElem.h */ = {isa = PBXFileReference; fileEncoding = 4; lastKnownFileType = sourcecode.c.h; path = OIMAttachedInfoElem.h; sourceTree = "<group>"; };
		4D0EC9962AED1BCD0061ADC4 /* OIMTransferElem.h */ = {isa = PBXFileReference; fileEncoding = 4; lastKnownFileType = sourcecode.c.h; path = OIMTransferElem.h; sourceTree = "<group>"; };
		4D0EC9972AED1BCD0061ADC4 /* OIMMergeElem.m */ = {isa = PBXFileReference; fileEncoding = 4; lastKnownFileType = sourcecode.c.objc; path = OIMMergeElem.m; sourceTree = "<group>"; };
		4D0EC9982AED1BCD0061ADC4 /* OIMPictureElem.h */ = {isa = PBXFileReference; fileEncoding = 4; lastKnownFileType = sourcecode.c.h; path = OIMPictureElem.h; sourceTree = "<group>"; };
		4D0EC9992AED1BCD0061ADC4 /* OIMFullUserInfo.h */ = {isa = PBXFileReference; fileEncoding = 4; lastKnownFileType = sourcecode.c.h; path = OIMFullUserInfo.h; sourceTree = "<group>"; };
		4D0EC99B2AED1BCD0061ADC4 /* UploadFileCallbackProxy.m */ = {isa = PBXFileReference; fileEncoding = 4; lastKnownFileType = sourcecode.c.objc; path = UploadFileCallbackProxy.m; sourceTree = "<group>"; };
		4D0EC99C2AED1BCD0061ADC4 /* SendMessageCallbackProxy.m */ = {isa = PBXFileReference; fileEncoding = 4; lastKnownFileType = sourcecode.c.objc; path = SendMessageCallbackProxy.m; sourceTree = "<group>"; };
		4D0EC99D2AED1BCD0061ADC4 /* CallbackProxy.m */ = {isa = PBXFileReference; fileEncoding = 4; lastKnownFileType = sourcecode.c.objc; path = CallbackProxy.m; sourceTree = "<group>"; };
		4D0EC99E2AED1BCD0061ADC4 /* SendMessageCallbackProxy.h */ = {isa = PBXFileReference; fileEncoding = 4; lastKnownFileType = sourcecode.c.h; path = SendMessageCallbackProxy.h; sourceTree = "<group>"; };
		4D0EC99F2AED1BCD0061ADC4 /* UploadFileCallbackProxy.h */ = {isa = PBXFileReference; fileEncoding = 4; lastKnownFileType = sourcecode.c.h; path = UploadFileCallbackProxy.h; sourceTree = "<group>"; };
		4D0EC9A02AED1BCD0061ADC4 /* CallbackProxy.h */ = {isa = PBXFileReference; fileEncoding = 4; lastKnownFileType = sourcecode.c.h; path = CallbackProxy.h; sourceTree = "<group>"; };
		4D54C4BE2B6103EC0029F475 /* OIMManager+Call.h */ = {isa = PBXFileReference; lastKnownFileType = sourcecode.c.h; path = "OIMManager+Call.h"; sourceTree = "<group>"; };
		4D54C4BF2B6103EC0029F475 /* OIMManager+Call.m */ = {isa = PBXFileReference; lastKnownFileType = sourcecode.c.objc; path = "OIMManager+Call.m"; sourceTree = "<group>"; };
		4DE6A2602B6F2FDD00AA72BA /* OIMSignalVoiceInfo.h */ = {isa = PBXFileReference; lastKnownFileType = sourcecode.c.h; path = OIMSignalVoiceInfo.h; sourceTree = "<group>"; };
		4DE6A2612B6F2FDD00AA72BA /* OIMSignalVoiceInfo.m */ = {isa = PBXFileReference; lastKnownFileType = sourcecode.c.objc; path = OIMSignalVoiceInfo.m; sourceTree = "<group>"; };
		6003F58A195388D20070C39A /* OpenIMSDKiOS_Example.app */ = {isa = PBXFileReference; explicitFileType = wrapper.application; includeInIndex = 0; path = OpenIMSDKiOS_Example.app; sourceTree = BUILT_PRODUCTS_DIR; };
		6003F58D195388D20070C39A /* Foundation.framework */ = {isa = PBXFileReference; lastKnownFileType = wrapper.framework; name = Foundation.framework; path = System/Library/Frameworks/Foundation.framework; sourceTree = SDKROOT; };
		6003F58F195388D20070C39A /* CoreGraphics.framework */ = {isa = PBXFileReference; lastKnownFileType = wrapper.framework; name = CoreGraphics.framework; path = System/Library/Frameworks/CoreGraphics.framework; sourceTree = SDKROOT; };
		6003F591195388D20070C39A /* UIKit.framework */ = {isa = PBXFileReference; lastKnownFileType = wrapper.framework; name = UIKit.framework; path = System/Library/Frameworks/UIKit.framework; sourceTree = SDKROOT; };
		6003F595195388D20070C39A /* OpenIMSDKiOS-Info.plist */ = {isa = PBXFileReference; lastKnownFileType = text.plist.xml; path = "OpenIMSDKiOS-Info.plist"; sourceTree = "<group>"; };
		6003F597195388D20070C39A /* en */ = {isa = PBXFileReference; lastKnownFileType = text.plist.strings; name = en; path = en.lproj/InfoPlist.strings; sourceTree = "<group>"; };
		6003F599195388D20070C39A /* main.m */ = {isa = PBXFileReference; lastKnownFileType = sourcecode.c.objc; path = main.m; sourceTree = "<group>"; };
		6003F59B195388D20070C39A /* OpenIMSDKiOS-Prefix.pch */ = {isa = PBXFileReference; lastKnownFileType = sourcecode.c.h; path = "OpenIMSDKiOS-Prefix.pch"; sourceTree = "<group>"; };
		6003F59C195388D20070C39A /* OPENIMSDKAppDelegate.h */ = {isa = PBXFileReference; lastKnownFileType = sourcecode.c.h; path = OPENIMSDKAppDelegate.h; sourceTree = "<group>"; };
		6003F59D195388D20070C39A /* OPENIMSDKAppDelegate.m */ = {isa = PBXFileReference; lastKnownFileType = sourcecode.c.objc; path = OPENIMSDKAppDelegate.m; sourceTree = "<group>"; };
		6003F5A5195388D20070C39A /* OPENIMSDKViewController.h */ = {isa = PBXFileReference; lastKnownFileType = sourcecode.c.h; path = OPENIMSDKViewController.h; sourceTree = "<group>"; };
		6003F5A6195388D20070C39A /* OPENIMSDKViewController.m */ = {isa = PBXFileReference; lastKnownFileType = sourcecode.c.objc; path = OPENIMSDKViewController.m; sourceTree = "<group>"; };
		6003F5A8195388D20070C39A /* Images.xcassets */ = {isa = PBXFileReference; lastKnownFileType = folder.assetcatalog; path = Images.xcassets; sourceTree = "<group>"; };
		6003F5AE195388D20070C39A /* OpenIMSDKiOS_Tests.xctest */ = {isa = PBXFileReference; explicitFileType = wrapper.cfbundle; includeInIndex = 0; path = OpenIMSDKiOS_Tests.xctest; sourceTree = BUILT_PRODUCTS_DIR; };
		6003F5AF195388D20070C39A /* XCTest.framework */ = {isa = PBXFileReference; lastKnownFileType = wrapper.framework; name = XCTest.framework; path = Library/Frameworks/XCTest.framework; sourceTree = DEVELOPER_DIR; };
		6003F5B7195388D20070C39A /* Tests-Info.plist */ = {isa = PBXFileReference; lastKnownFileType = text.plist.xml; path = "Tests-Info.plist"; sourceTree = "<group>"; };
		6003F5B9195388D20070C39A /* en */ = {isa = PBXFileReference; lastKnownFileType = text.plist.strings; name = en; path = en.lproj/InfoPlist.strings; sourceTree = "<group>"; };
		6003F5BB195388D20070C39A /* Tests.m */ = {isa = PBXFileReference; lastKnownFileType = sourcecode.c.objc; path = Tests.m; sourceTree = "<group>"; };
		606FC2411953D9B200FFA9A0 /* Tests-Prefix.pch */ = {isa = PBXFileReference; lastKnownFileType = sourcecode.c.h; path = "Tests-Prefix.pch"; sourceTree = "<group>"; };
		6A8B483ED24998C173F371FA /* Pods_OpenIMSDKiOS_Tests.framework */ = {isa = PBXFileReference; explicitFileType = wrapper.framework; includeInIndex = 0; path = Pods_OpenIMSDKiOS_Tests.framework; sourceTree = BUILT_PRODUCTS_DIR; };
		71719F9E1E33DC2100824A3D /* Base */ = {isa = PBXFileReference; lastKnownFileType = file.storyboard; name = Base; path = Base.lproj/LaunchScreen.storyboard; sourceTree = "<group>"; };
		727A6B892907294F76AF42CA /* Pods-OpenIMSDKiOS_Tests.debug.xcconfig */ = {isa = PBXFileReference; includeInIndex = 1; lastKnownFileType = text.xcconfig; name = "Pods-OpenIMSDKiOS_Tests.debug.xcconfig"; path = "Target Support Files/Pods-OpenIMSDKiOS_Tests/Pods-OpenIMSDKiOS_Tests.debug.xcconfig"; sourceTree = "<group>"; };
		873B8AEA1B1F5CCA007FD442 /* Main.storyboard */ = {isa = PBXFileReference; fileEncoding = 4; lastKnownFileType = file.storyboard; name = Main.storyboard; path = Base.lproj/Main.storyboard; sourceTree = "<group>"; };
		ADABFDB815C8D9964231ED18 /* Pods-OpenIMSDKiOS_Tests.release.xcconfig */ = {isa = PBXFileReference; includeInIndex = 1; lastKnownFileType = text.xcconfig; name = "Pods-OpenIMSDKiOS_Tests.release.xcconfig"; path = "Target Support Files/Pods-OpenIMSDKiOS_Tests/Pods-OpenIMSDKiOS_Tests.release.xcconfig"; sourceTree = "<group>"; };
		EC002E155A37FC7CD6D16335 /* Pods_OpenIMSDKiOS_Example.framework */ = {isa = PBXFileReference; explicitFileType = wrapper.framework; includeInIndex = 0; path = Pods_OpenIMSDKiOS_Example.framework; sourceTree = BUILT_PRODUCTS_DIR; };
		F51FFB03C5A33DA4C1D86037 /* Pods-OpenIMSDKiOS_Example.debug.xcconfig */ = {isa = PBXFileReference; includeInIndex = 1; lastKnownFileType = text.xcconfig; name = "Pods-OpenIMSDKiOS_Example.debug.xcconfig"; path = "Target Support Files/Pods-OpenIMSDKiOS_Example/Pods-OpenIMSDKiOS_Example.debug.xcconfig"; sourceTree = "<group>"; };
/* End PBXFileReference section */

/* Begin PBXFrameworksBuildPhase section */
		6003F587195388D20070C39A /* Frameworks */ = {
			isa = PBXFrameworksBuildPhase;
			buildActionMask = 2147483647;
			files = (
				4D0EC9B62AED1BCD0061ADC4 /* OpenIMCore.xcframework in Frameworks */,
				4D0EC9272AED1A4E0061ADC4 /* libresolv.tbd in Frameworks */,
				4D0EC9202AECFD4A0061ADC4 /* OpenIMCore.xcframework in Frameworks */,
				6003F590195388D20070C39A /* CoreGraphics.framework in Frameworks */,
				6003F592195388D20070C39A /* UIKit.framework in Frameworks */,
				6003F58E195388D20070C39A /* Foundation.framework in Frameworks */,
				06E322500E6F29AE7E3406B9 /* Pods_OpenIMSDKiOS_Example.framework in Frameworks */,
			);
			runOnlyForDeploymentPostprocessing = 0;
		};
		6003F5AB195388D20070C39A /* Frameworks */ = {
			isa = PBXFrameworksBuildPhase;
			buildActionMask = 2147483647;
			files = (
				6003F5B0195388D20070C39A /* XCTest.framework in Frameworks */,
				6003F5B2195388D20070C39A /* UIKit.framework in Frameworks */,
				6003F5B1195388D20070C39A /* Foundation.framework in Frameworks */,
				C5ABE5075A26E6FF4B7172EB /* Pods_OpenIMSDKiOS_Tests.framework in Frameworks */,
			);
			runOnlyForDeploymentPostprocessing = 0;
		};
/* End PBXFrameworksBuildPhase section */

/* Begin PBXGroup section */
		4D0EC92A2AED1BCD0061ADC4 /* OpenIMSDK */ = {
			isa = PBXGroup;
			children = (
				4D0EC92B2AED1BCD0061ADC4 /* Callbacker */,
				4D0EC9322AED1BCD0061ADC4 /* Interface */,
				4D0EC9432AED1BCD0061ADC4 /* MJExtension */,
				4D0EC9592AED1BCD0061ADC4 /* OpenIMCore.xcframework */,
				4D0EC95A2AED1BCD0061ADC4 /* Test */,
				4D0EC95C2AED1BCD0061ADC4 /* OpenIMSDK.h */,
				4D0EC95D2AED1BCD0061ADC4 /* Utils */,
				4D0EC9612AED1BCD0061ADC4 /* Model */,
				4D0EC99A2AED1BCD0061ADC4 /* CallbackProxy */,
			);
			name = OpenIMSDK;
			path = ../OpenIMSDK;
			sourceTree = "<group>";
		};
		4D0EC92B2AED1BCD0061ADC4 /* Callbacker */ = {
			isa = PBXGroup;
			children = (
				4D0EC92E2AED1BCD0061ADC4 /* OIMCallbacker.h */,
				4D0EC9312AED1BCD0061ADC4 /* OIMCallbacker.m */,
				4D0EC92D2AED1BCD0061ADC4 /* OIMCallbacker+Closure.h */,
				4D0EC92F2AED1BCD0061ADC4 /* OIMCallbacker+Closure.m */,
				4D0EC9302AED1BCD0061ADC4 /* OIMGCDMulticastDelegate.h */,
				4D0EC92C2AED1BCD0061ADC4 /* OIMGCDMulticastDelegate.m */,
			);
			path = Callbacker;
			sourceTree = "<group>";
		};
		4D0EC9322AED1BCD0061ADC4 /* Interface */ = {
			isa = PBXGroup;
			children = (
				4D0EC9382AED1BCD0061ADC4 /* OIMManager.h */,
				4D0EC93F2AED1BCD0061ADC4 /* OIMManager.m */,
				4D0EC9332AED1BCD0061ADC4 /* OIMManager+Connection.h */,
				4D0EC93E2AED1BCD0061ADC4 /* OIMManager+Connection.m */,
				4D0EC9362AED1BCD0061ADC4 /* OIMManager+Conversation.h */,
				4D0EC93C2AED1BCD0061ADC4 /* OIMManager+Conversation.m */,
				4D0EC9402AED1BCD0061ADC4 /* OIMManager+Friend.h */,
				4D0EC9372AED1BCD0061ADC4 /* OIMManager+Friend.m */,
				4D0EC9342AED1BCD0061ADC4 /* OIMManager+Group.h */,
				4D0EC93D2AED1BCD0061ADC4 /* OIMManager+Group.m */,
				4D0EC93A2AED1BCD0061ADC4 /* OIMManager+Login.h */,
				4D0EC9422AED1BCD0061ADC4 /* OIMManager+Login.m */,
				4D0EC9352AED1BCD0061ADC4 /* OIMManager+Message.h */,
				4D0EC93B2AED1BCD0061ADC4 /* OIMManager+Message.m */,
				4D0EC9412AED1BCD0061ADC4 /* OIMManager+User.h */,
				4D0EC9392AED1BCD0061ADC4 /* OIMManager+User.m */,
				4D54C4BE2B6103EC0029F475 /* OIMManager+Call.h */,
				4D54C4BF2B6103EC0029F475 /* OIMManager+Call.m */,
			);
			path = Interface;
			sourceTree = "<group>";
		};
		4D0EC9432AED1BCD0061ADC4 /* MJExtension */ = {
			isa = PBXGroup;
			children = (
				4D0EC94E2AED1BCD0061ADC4 /* MJExtension.h */,
				4D0EC9492AED1BCD0061ADC4 /* MJExtensionConst.h */,
				4D0EC94F2AED1BCD0061ADC4 /* MJExtensionConst.m */,
				4D0EC94C2AED1BCD0061ADC4 /* MJFoundation.h */,
				4D0EC9582AED1BCD0061ADC4 /* MJFoundation.m */,
				4D0EC9552AED1BCD0061ADC4 /* MJProperty.h */,
				4D0EC94B2AED1BCD0061ADC4 /* MJProperty.m */,
				4D0EC9442AED1BCD0061ADC4 /* MJPropertyKey.h */,
				4D0EC9542AED1BCD0061ADC4 /* MJPropertyKey.m */,
				4D0EC9512AED1BCD0061ADC4 /* MJPropertyType.h */,
				4D0EC9472AED1BCD0061ADC4 /* MJPropertyType.m */,
				4D0EC9452AED1BCD0061ADC4 /* NSObject+MJClass.h */,
				4D0EC9522AED1BCD0061ADC4 /* NSObject+MJClass.m */,
				4D0EC9572AED1BCD0061ADC4 /* NSObject+MJCoding.h */,
				4D0EC94D2AED1BCD0061ADC4 /* NSObject+MJCoding.m */,
				4D0EC9562AED1BCD0061ADC4 /* NSObject+MJKeyValue.h */,
				4D0EC94A2AED1BCD0061ADC4 /* NSObject+MJKeyValue.m */,
				4D0EC9482AED1BCD0061ADC4 /* NSObject+MJProperty.h */,
				4D0EC9502AED1BCD0061ADC4 /* NSObject+MJProperty.m */,
				4D0EC9462AED1BCD0061ADC4 /* NSString+MJExtension.h */,
				4D0EC9532AED1BCD0061ADC4 /* NSString+MJExtension.m */,
			);
			path = MJExtension;
			sourceTree = "<group>";
		};
		4D0EC95A2AED1BCD0061ADC4 /* Test */ = {
			isa = PBXGroup;
			children = (
				4D0EC95B2AED1BCD0061ADC4 /* OIMDefinetest.h */,
			);
			path = Test;
			sourceTree = "<group>";
		};
		4D0EC95D2AED1BCD0061ADC4 /* Utils */ = {
			isa = PBXGroup;
			children = (
				4D0EC95E2AED1BCD0061ADC4 /* Reachability.m */,
				4D0EC95F2AED1BCD0061ADC4 /* OIMDefine.h */,
				4D0EC9602AED1BCD0061ADC4 /* Reachability.h */,
			);
			path = Utils;
			sourceTree = "<group>";
		};
		4D0EC9612AED1BCD0061ADC4 /* Model */ = {
			isa = PBXGroup;
			children = (
				4D0EC96D2AED1BCD0061ADC4 /* OIMAtElem.h */,
				4D0EC9892AED1BCD0061ADC4 /* OIMAtElem.m */,
				4D0EC9952AED1BCD0061ADC4 /* OIMAttachedInfoElem.h */,
				4D0EC9792AED1BCD0061ADC4 /* OIMAttachedInfoElem.m */,
				4D0EC96A2AED1BCD0061ADC4 /* OIMConversationInfo.h */,
				4D0EC97E2AED1BCD0061ADC4 /* OIMConversationInfo.m */,
				4D0EC9882AED1BCD0061ADC4 /* OIMCustomElem.h */,
				4D0EC96E2AED1BCD0061ADC4 /* OIMCustomElem.m */,
				4D0EC9812AED1BCD0061ADC4 /* OIMFaceElem.h */,
				4D0EC9672AED1BCD0061ADC4 /* OIMFaceElem.m */,
				4D0EC9632AED1BCD0061ADC4 /* OIMFileElem.h */,
				4D0EC9852AED1BCD0061ADC4 /* OIMFileElem.m */,
				4D0EC9692AED1BCD0061ADC4 /* OIMFriendApplication.h */,
				4D0EC97F2AED1BCD0061ADC4 /* OIMFriendApplication.m */,
				4D0EC9992AED1BCD0061ADC4 /* OIMFullUserInfo.h */,
				4D0EC9752AED1BCD0061ADC4 /* OIMFullUserInfo.m */,
				4D0EC9732AED1BCD0061ADC4 /* OIMGroupApplicationInfo.h */,
				4D0EC98F2AED1BCD0061ADC4 /* OIMGroupApplicationInfo.m */,
				4D0EC97C2AED1BCD0061ADC4 /* OIMGroupInfo.h */,
				4D0EC9912AED1BCD0061ADC4 /* OIMGroupInfo.m */,
				4D0EC96B2AED1BCD0061ADC4 /* OIMGroupMemberInfo.h */,
				4D0EC98B2AED1BCD0061ADC4 /* OIMGroupMemberInfo.m */,
				4D0EC9662AED1BCD0061ADC4 /* OIMLocationElem.h */,
				4D0EC9822AED1BCD0061ADC4 /* OIMLocationElem.m */,
				4D0EC9762AED1BCD0061ADC4 /* OIMMergeElem.h */,
				4D0EC9972AED1BCD0061ADC4 /* OIMMergeElem.m */,
				4D0EC9872AED1BCD0061ADC4 /* OIMMessageElem.h */,
				4D0EC96F2AED1BCD0061ADC4 /* OIMMessageElem.m */,
				4D0EC98C2AED1BCD0061ADC4 /* OIMMessageInfo.h */,
				4D0EC9742AED1BCD0061ADC4 /* OIMMessageInfo.m */,
				4D0EC98E2AED1BCD0061ADC4 /* OIMNotificationElem.h */,
				4D0EC9722AED1BCD0061ADC4 /* OIMNotificationElem.m */,
				4D0EC9982AED1BCD0061ADC4 /* OIMPictureElem.h */,
				4D0EC9772AED1BCD0061ADC4 /* OIMPictureElem.m */,
				4D0EC98D2AED1BCD0061ADC4 /* OIMQuoteElem.h */,
				4D0EC9712AED1BCD0061ADC4 /* OIMQuoteElem.m */,
				4D0EC96C2AED1BCD0061ADC4 /* OIMRedPacketElem.h */,
				4D0EC98A2AED1BCD0061ADC4 /* OIMRedPacketElem.m */,
				4D0EC9682AED1BCD0061ADC4 /* OIMSearchParam.h */,
				4D0EC9802AED1BCD0061ADC4 /* OIMSearchParam.m */,
				4D0EC9702AED1BCD0061ADC4 /* OIMSearchResultInfo.h */,
				4D0EC9902AED1BCD0061ADC4 /* OIMSearchResultInfo.m */,
				4D0EC9642AED1BCD0061ADC4 /* OIMSimpleRequstInfo.h */,
				4D0EC9842AED1BCD0061ADC4 /* OIMSimpleRequstInfo.m */,
				4D0EC97D2AED1BCD0061ADC4 /* OIMSimpleResultInfo.h */,
				4D0EC9922AED1BCD0061ADC4 /* OIMSimpleResultInfo.m */,
				4D0EC97B2AED1BCD0061ADC4 /* OIMSoundElem.h */,
				4D0EC9942AED1BCD0061ADC4 /* OIMSoundElem.m */,
				4D0EC9962AED1BCD0061ADC4 /* OIMTransferElem.h */,
				4D0EC9782AED1BCD0061ADC4 /* OIMTransferElem.m */,
				4D0EC9862AED1BCD0061ADC4 /* OIMUserInfo.h */,
				4D0EC9622AED1BCD0061ADC4 /* OIMUserInfo.m */,
				4D0EC97A2AED1BCD0061ADC4 /* OIMVideoElem.h */,
				4D0EC9932AED1BCD0061ADC4 /* OIMVideoElem.m */,
				4D0EC9832AED1BCD0061ADC4 /* RedPacketInfo.h */,
				4D0EC9652AED1BCD0061ADC4 /* RedPacketInfo.m */,
				4DE6A2602B6F2FDD00AA72BA /* OIMSignalVoiceInfo.h */,
				4DE6A2612B6F2FDD00AA72BA /* OIMSignalVoiceInfo.m */,
			);
			path = Model;
			sourceTree = "<group>";
		};
		4D0EC99A2AED1BCD0061ADC4 /* CallbackProxy */ = {
			isa = PBXGroup;
			children = (
				4D0EC99B2AED1BCD0061ADC4 /* UploadFileCallbackProxy.m */,
				4D0EC99C2AED1BCD0061ADC4 /* SendMessageCallbackProxy.m */,
				4D0EC99D2AED1BCD0061ADC4 /* CallbackProxy.m */,
				4D0EC99E2AED1BCD0061ADC4 /* SendMessageCallbackProxy.h */,
				4D0EC99F2AED1BCD0061ADC4 /* UploadFileCallbackProxy.h */,
				4D0EC9A02AED1BCD0061ADC4 /* CallbackProxy.h */,
			);
			path = CallbackProxy;
			sourceTree = "<group>";
		};
		544C9C856FBE08EA043EC01E /* Pods */ = {
			isa = PBXGroup;
			children = (
				F51FFB03C5A33DA4C1D86037 /* Pods-OpenIMSDKiOS_Example.debug.xcconfig */,
				453F34D8D2D31FBC4FE60C5A /* Pods-OpenIMSDKiOS_Example.release.xcconfig */,
				727A6B892907294F76AF42CA /* Pods-OpenIMSDKiOS_Tests.debug.xcconfig */,
				ADABFDB815C8D9964231ED18 /* Pods-OpenIMSDKiOS_Tests.release.xcconfig */,
			);
			path = Pods;
			sourceTree = "<group>";
		};
		6003F581195388D10070C39A = {
			isa = PBXGroup;
			children = (
				4D0EC92A2AED1BCD0061ADC4 /* OpenIMSDK */,
				6003F593195388D20070C39A /* Example for OpenIMSDKiOS */,
				6003F5B5195388D20070C39A /* Tests */,
				6003F58C195388D20070C39A /* Frameworks */,
				6003F58B195388D20070C39A /* Products */,
				544C9C856FBE08EA043EC01E /* Pods */,
			);
			sourceTree = "<group>";
		};
		6003F58B195388D20070C39A /* Products */ = {
			isa = PBXGroup;
			children = (
				6003F58A195388D20070C39A /* OpenIMSDKiOS_Example.app */,
				6003F5AE195388D20070C39A /* OpenIMSDKiOS_Tests.xctest */,
			);
			name = Products;
			sourceTree = "<group>";
		};
		6003F58C195388D20070C39A /* Frameworks */ = {
			isa = PBXGroup;
			children = (
				4D0EC9262AED1A4E0061ADC4 /* libresolv.tbd */,
				4D0EC91E2AECFAE10061ADC4 /* OpenIMCore.xcframework */,
				4D0EC91C2AECF88E0061ADC4 /* OpenIMCore.xcframework */,
				6003F58D195388D20070C39A /* Foundation.framework */,
				6003F58F195388D20070C39A /* CoreGraphics.framework */,
				6003F591195388D20070C39A /* UIKit.framework */,
				6003F5AF195388D20070C39A /* XCTest.framework */,
				EC002E155A37FC7CD6D16335 /* Pods_OpenIMSDKiOS_Example.framework */,
				6A8B483ED24998C173F371FA /* Pods_OpenIMSDKiOS_Tests.framework */,
			);
			name = Frameworks;
			sourceTree = "<group>";
		};
		6003F593195388D20070C39A /* Example for OpenIMSDKiOS */ = {
			isa = PBXGroup;
			children = (
				17CADD2B27C7781C0069C80E /* file_test.zip */,
				17CADD2927C738630069C80E /* video_test.mp4 */,
				17CADD2527C7227F0069C80E /* photo_test.jpeg */,
				17CADD2627C7227F0069C80E /* voice_test.m4a */,
				6003F59C195388D20070C39A /* OPENIMSDKAppDelegate.h */,
				6003F59D195388D20070C39A /* OPENIMSDKAppDelegate.m */,
				873B8AEA1B1F5CCA007FD442 /* Main.storyboard */,
				6003F5A5195388D20070C39A /* OPENIMSDKViewController.h */,
				6003F5A6195388D20070C39A /* OPENIMSDKViewController.m */,
				17918D0527BC8F380040C924 /* OPENIMSDKTableViewCell.h */,
				17918D0627BC8F380040C924 /* OPENIMSDKTableViewCell.m */,
				71719F9D1E33DC2100824A3D /* LaunchScreen.storyboard */,
				6003F5A8195388D20070C39A /* Images.xcassets */,
				6003F594195388D20070C39A /* Supporting Files */,
			);
			name = "Example for OpenIMSDKiOS";
			path = OpenIMSDKiOS;
			sourceTree = "<group>";
		};
		6003F594195388D20070C39A /* Supporting Files */ = {
			isa = PBXGroup;
			children = (
				6003F595195388D20070C39A /* OpenIMSDKiOS-Info.plist */,
				6003F596195388D20070C39A /* InfoPlist.strings */,
				6003F599195388D20070C39A /* main.m */,
				6003F59B195388D20070C39A /* OpenIMSDKiOS-Prefix.pch */,
			);
			name = "Supporting Files";
			sourceTree = "<group>";
		};
		6003F5B5195388D20070C39A /* Tests */ = {
			isa = PBXGroup;
			children = (
				6003F5BB195388D20070C39A /* Tests.m */,
				6003F5B6195388D20070C39A /* Supporting Files */,
			);
			path = Tests;
			sourceTree = "<group>";
		};
		6003F5B6195388D20070C39A /* Supporting Files */ = {
			isa = PBXGroup;
			children = (
				6003F5B7195388D20070C39A /* Tests-Info.plist */,
				6003F5B8195388D20070C39A /* InfoPlist.strings */,
				606FC2411953D9B200FFA9A0 /* Tests-Prefix.pch */,
			);
			name = "Supporting Files";
			sourceTree = "<group>";
		};
/* End PBXGroup section */

/* Begin PBXNativeTarget section */
		6003F589195388D20070C39A /* OpenIMSDKiOS_Example */ = {
			isa = PBXNativeTarget;
			buildConfigurationList = 6003F5BF195388D20070C39A /* Build configuration list for PBXNativeTarget "OpenIMSDKiOS_Example" */;
			buildPhases = (
				A6B1118D3736B60751AF1552 /* [CP] Check Pods Manifest.lock */,
				6003F586195388D20070C39A /* Sources */,
				6003F587195388D20070C39A /* Frameworks */,
				6003F588195388D20070C39A /* Resources */,
			);
			buildRules = (
			);
			dependencies = (
			);
			name = OpenIMSDKiOS_Example;
			productName = OpenIMSDKiOS;
			productReference = 6003F58A195388D20070C39A /* OpenIMSDKiOS_Example.app */;
			productType = "com.apple.product-type.application";
		};
		6003F5AD195388D20070C39A /* OpenIMSDKiOS_Tests */ = {
			isa = PBXNativeTarget;
			buildConfigurationList = 6003F5C2195388D20070C39A /* Build configuration list for PBXNativeTarget "OpenIMSDKiOS_Tests" */;
			buildPhases = (
				ED3F8C3CEA57B3134DD2A333 /* [CP] Check Pods Manifest.lock */,
				6003F5AA195388D20070C39A /* Sources */,
				6003F5AB195388D20070C39A /* Frameworks */,
				6003F5AC195388D20070C39A /* Resources */,
			);
			buildRules = (
			);
			dependencies = (
				6003F5B4195388D20070C39A /* PBXTargetDependency */,
			);
			name = OpenIMSDKiOS_Tests;
			productName = OpenIMSDKiOSTests;
			productReference = 6003F5AE195388D20070C39A /* OpenIMSDKiOS_Tests.xctest */;
			productType = "com.apple.product-type.bundle.unit-test";
		};
/* End PBXNativeTarget section */

/* Begin PBXProject section */
		6003F582195388D10070C39A /* Project object */ = {
			isa = PBXProject;
			attributes = {
				CLASSPREFIX = OPENIMSDK;
				LastUpgradeCheck = 0720;
				ORGANIZATIONNAME = xpg;
				TargetAttributes = {
					6003F5AD195388D20070C39A = {
						TestTargetID = 6003F589195388D20070C39A;
					};
				};
			};
			buildConfigurationList = 6003F585195388D10070C39A /* Build configuration list for PBXProject "OpenIMSDKiOS" */;
			compatibilityVersion = "Xcode 3.2";
			developmentRegion = English;
			hasScannedForEncodings = 0;
			knownRegions = (
				English,
				en,
				Base,
				"zh-Hans",
			);
			mainGroup = 6003F581195388D10070C39A;
			productRefGroup = 6003F58B195388D20070C39A /* Products */;
			projectDirPath = "";
			projectRoot = "";
			targets = (
				6003F589195388D20070C39A /* OpenIMSDKiOS_Example */,
				6003F5AD195388D20070C39A /* OpenIMSDKiOS_Tests */,
			);
		};
/* End PBXProject section */

/* Begin PBXResourcesBuildPhase section */
		6003F588195388D20070C39A /* Resources */ = {
			isa = PBXResourcesBuildPhase;
			buildActionMask = 2147483647;
			files = (
				873B8AEB1B1F5CCA007FD442 /* Main.storyboard in Resources */,
				17CADD2827C7227F0069C80E /* voice_test.m4a in Resources */,
				71719F9F1E33DC2100824A3D /* LaunchScreen.storyboard in Resources */,
				6003F5A9195388D20070C39A /* Images.xcassets in Resources */,
				17CADD2A27C738630069C80E /* video_test.mp4 in Resources */,
				17CADD2C27C7781C0069C80E /* file_test.zip in Resources */,
				17CADD2727C7227F0069C80E /* photo_test.jpeg in Resources */,
				6003F598195388D20070C39A /* InfoPlist.strings in Resources */,
			);
			runOnlyForDeploymentPostprocessing = 0;
		};
		6003F5AC195388D20070C39A /* Resources */ = {
			isa = PBXResourcesBuildPhase;
			buildActionMask = 2147483647;
			files = (
				6003F5BA195388D20070C39A /* InfoPlist.strings in Resources */,
			);
			runOnlyForDeploymentPostprocessing = 0;
		};
/* End PBXResourcesBuildPhase section */

/* Begin PBXShellScriptBuildPhase section */
		A6B1118D3736B60751AF1552 /* [CP] Check Pods Manifest.lock */ = {
			isa = PBXShellScriptBuildPhase;
			buildActionMask = 2147483647;
			files = (
			);
			inputFileListPaths = (
			);
			inputPaths = (
				"${PODS_PODFILE_DIR_PATH}/Podfile.lock",
				"${PODS_ROOT}/Manifest.lock",
			);
			name = "[CP] Check Pods Manifest.lock";
			outputFileListPaths = (
			);
			outputPaths = (
				"$(DERIVED_FILE_DIR)/Pods-OpenIMSDKiOS_Example-checkManifestLockResult.txt",
			);
			runOnlyForDeploymentPostprocessing = 0;
			shellPath = /bin/sh;
			shellScript = "diff \"${PODS_PODFILE_DIR_PATH}/Podfile.lock\" \"${PODS_ROOT}/Manifest.lock\" > /dev/null\nif [ $? != 0 ] ; then\n    # print error to STDERR\n    echo \"error: The sandbox is not in sync with the Podfile.lock. Run 'pod install' or update your CocoaPods installation.\" >&2\n    exit 1\nfi\n# This output is used by Xcode 'outputs' to avoid re-running this script phase.\necho \"SUCCESS\" > \"${SCRIPT_OUTPUT_FILE_0}\"\n";
			showEnvVarsInLog = 0;
		};
		ED3F8C3CEA57B3134DD2A333 /* [CP] Check Pods Manifest.lock */ = {
			isa = PBXShellScriptBuildPhase;
			buildActionMask = 2147483647;
			files = (
			);
			inputFileListPaths = (
			);
			inputPaths = (
				"${PODS_PODFILE_DIR_PATH}/Podfile.lock",
				"${PODS_ROOT}/Manifest.lock",
			);
			name = "[CP] Check Pods Manifest.lock";
			outputFileListPaths = (
			);
			outputPaths = (
				"$(DERIVED_FILE_DIR)/Pods-OpenIMSDKiOS_Tests-checkManifestLockResult.txt",
			);
			runOnlyForDeploymentPostprocessing = 0;
			shellPath = /bin/sh;
			shellScript = "diff \"${PODS_PODFILE_DIR_PATH}/Podfile.lock\" \"${PODS_ROOT}/Manifest.lock\" > /dev/null\nif [ $? != 0 ] ; then\n    # print error to STDERR\n    echo \"error: The sandbox is not in sync with the Podfile.lock. Run 'pod install' or update your CocoaPods installation.\" >&2\n    exit 1\nfi\n# This output is used by Xcode 'outputs' to avoid re-running this script phase.\necho \"SUCCESS\" > \"${SCRIPT_OUTPUT_FILE_0}\"\n";
			showEnvVarsInLog = 0;
		};
/* End PBXShellScriptBuildPhase section */

/* Begin PBXSourcesBuildPhase section */
		6003F586195388D20070C39A /* Sources */ = {
			isa = PBXSourcesBuildPhase;
			buildActionMask = 2147483647;
			files = (
				4D0EC9B72AED1BCD0061ADC4 /* Reachability.m in Sources */,
				4D0EC9A52AED1BCD0061ADC4 /* OIMManager+User.m in Sources */,
				4D0EC9A32AED1BCD0061ADC4 /* OIMCallbacker.m in Sources */,
				4D0EC9A42AED1BCD0061ADC4 /* OIMManager+Friend.m in Sources */,
				17918D0727BC8F380040C924 /* OPENIMSDKTableViewCell.m in Sources */,
				4D0EC9C72AED1BCD0061ADC4 /* OIMLocationElem.m in Sources */,
				6003F59E195388D20070C39A /* OPENIMSDKAppDelegate.m in Sources */,
				4D0EC9AA2AED1BCD0061ADC4 /* OIMManager.m in Sources */,
				4D0EC9BE2AED1BCD0061ADC4 /* OIMNotificationElem.m in Sources */,
				4D0EC9D32AED1BCD0061ADC4 /* OIMMergeElem.m in Sources */,
				4D0EC9C82AED1BCD0061ADC4 /* OIMSimpleRequstInfo.m in Sources */,
				4D0EC9D42AED1BCE0061ADC4 /* UploadFileCallbackProxy.m in Sources */,
				4D0EC9A62AED1BCD0061ADC4 /* OIMManager+Message.m in Sources */,
				4D54C4C02B6103EC0029F475 /* OIMManager+Call.m in Sources */,
				4D0EC9CE2AED1BCD0061ADC4 /* OIMSearchResultInfo.m in Sources */,
				4D0EC9B42AED1BCD0061ADC4 /* MJPropertyKey.m in Sources */,
				4D0EC9C02AED1BCD0061ADC4 /* OIMFullUserInfo.m in Sources */,
				4D0EC9AD2AED1BCD0061ADC4 /* NSObject+MJKeyValue.m in Sources */,
				4D0EC9C32AED1BCD0061ADC4 /* OIMAttachedInfoElem.m in Sources */,
				4DE6A2622B6F2FDD00AA72BA /* OIMSignalVoiceInfo.m in Sources */,
				4D0EC9BA2AED1BCD0061ADC4 /* OIMFaceElem.m in Sources */,
				4D0EC9C92AED1BCD0061ADC4 /* OIMFileElem.m in Sources */,
				4D0EC9A12AED1BCD0061ADC4 /* OIMGCDMulticastDelegate.m in Sources */,
				6003F5A7195388D20070C39A /* OPENIMSDKViewController.m in Sources */,
				4D0EC9C12AED1BCD0061ADC4 /* OIMPictureElem.m in Sources */,
				4D0EC9C22AED1BCD0061ADC4 /* OIMTransferElem.m in Sources */,
				4D0EC9C52AED1BCD0061ADC4 /* OIMFriendApplication.m in Sources */,
				4D0EC9AC2AED1BCD0061ADC4 /* MJPropertyType.m in Sources */,
				4D0EC9BC2AED1BCD0061ADC4 /* OIMMessageElem.m in Sources */,
				4D0EC9C42AED1BCD0061ADC4 /* OIMConversationInfo.m in Sources */,
				4D0EC9B92AED1BCD0061ADC4 /* RedPacketInfo.m in Sources */,
				6003F59A195388D20070C39A /* main.m in Sources */,
				4D0EC9CA2AED1BCD0061ADC4 /* OIMAtElem.m in Sources */,
				4D0EC9AB2AED1BCD0061ADC4 /* OIMManager+Login.m in Sources */,
				4D0EC9BB2AED1BCD0061ADC4 /* OIMCustomElem.m in Sources */,
				4D0EC9AE2AED1BCD0061ADC4 /* MJProperty.m in Sources */,
				4D0EC9CC2AED1BCD0061ADC4 /* OIMGroupMemberInfo.m in Sources */,
				4D0EC9D52AED1BCE0061ADC4 /* SendMessageCallbackProxy.m in Sources */,
				4D0EC9D22AED1BCD0061ADC4 /* OIMSoundElem.m in Sources */,
				4D0EC9D62AED1BCE0061ADC4 /* CallbackProxy.m in Sources */,
				4D0EC9A92AED1BCD0061ADC4 /* OIMManager+Connection.m in Sources */,
				4D0EC9CB2AED1BCD0061ADC4 /* OIMRedPacketElem.m in Sources */,
				4D0EC9C62AED1BCD0061ADC4 /* OIMSearchParam.m in Sources */,
				4D0EC9AF2AED1BCD0061ADC4 /* NSObject+MJCoding.m in Sources */,
				4D0EC9B12AED1BCD0061ADC4 /* NSObject+MJProperty.m in Sources */,
				4D0EC9B22AED1BCD0061ADC4 /* NSObject+MJClass.m in Sources */,
				4D0EC9CD2AED1BCD0061ADC4 /* OIMGroupApplicationInfo.m in Sources */,
				4D0EC9D12AED1BCD0061ADC4 /* OIMVideoElem.m in Sources */,
				4D0EC9B02AED1BCD0061ADC4 /* MJExtensionConst.m in Sources */,
				4D0EC9B82AED1BCD0061ADC4 /* OIMUserInfo.m in Sources */,
				4D0EC9BF2AED1BCD0061ADC4 /* OIMMessageInfo.m in Sources */,
				4D0EC9CF2AED1BCD0061ADC4 /* OIMGroupInfo.m in Sources */,
				4D0EC9D02AED1BCD0061ADC4 /* OIMSimpleResultInfo.m in Sources */,
				4D0EC9B32AED1BCD0061ADC4 /* NSString+MJExtension.m in Sources */,
				4D0EC9A82AED1BCD0061ADC4 /* OIMManager+Group.m in Sources */,
				4D0EC9A72AED1BCD0061ADC4 /* OIMManager+Conversation.m in Sources */,
				4D0EC9B52AED1BCD0061ADC4 /* MJFoundation.m in Sources */,
				4D0EC9A22AED1BCD0061ADC4 /* OIMCallbacker+Closure.m in Sources */,
				4D0EC9BD2AED1BCD0061ADC4 /* OIMQuoteElem.m in Sources */,
			);
			runOnlyForDeploymentPostprocessing = 0;
		};
		6003F5AA195388D20070C39A /* Sources */ = {
			isa = PBXSourcesBuildPhase;
			buildActionMask = 2147483647;
			files = (
				6003F5BC195388D20070C39A /* Tests.m in Sources */,
				4D54C4C12B6103EC0029F475 /* OIMManager+Call.m in Sources */,
			);
			runOnlyForDeploymentPostprocessing = 0;
		};
/* End PBXSourcesBuildPhase section */

/* Begin PBXTargetDependency section */
		6003F5B4195388D20070C39A /* PBXTargetDependency */ = {
			isa = PBXTargetDependency;
			target = 6003F589195388D20070C39A /* OpenIMSDKiOS_Example */;
			targetProxy = 6003F5B3195388D20070C39A /* PBXContainerItemProxy */;
		};
/* End PBXTargetDependency section */

/* Begin PBXVariantGroup section */
		6003F596195388D20070C39A /* InfoPlist.strings */ = {
			isa = PBXVariantGroup;
			children = (
				6003F597195388D20070C39A /* en */,
			);
			name = InfoPlist.strings;
			sourceTree = "<group>";
		};
		6003F5B8195388D20070C39A /* InfoPlist.strings */ = {
			isa = PBXVariantGroup;
			children = (
				6003F5B9195388D20070C39A /* en */,
			);
			name = InfoPlist.strings;
			sourceTree = "<group>";
		};
		71719F9D1E33DC2100824A3D /* LaunchScreen.storyboard */ = {
			isa = PBXVariantGroup;
			children = (
				71719F9E1E33DC2100824A3D /* Base */,
			);
			name = LaunchScreen.storyboard;
			sourceTree = "<group>";
		};
/* End PBXVariantGroup section */

/* Begin XCBuildConfiguration section */
		6003F5BD195388D20070C39A /* Debug */ = {
			isa = XCBuildConfiguration;
			buildSettings = {
				ALWAYS_SEARCH_USER_PATHS = NO;
				CLANG_CXX_LANGUAGE_STANDARD = "gnu++0x";
				CLANG_CXX_LIBRARY = "libc++";
				CLANG_ENABLE_MODULES = YES;
				CLANG_ENABLE_OBJC_ARC = YES;
				CLANG_WARN_BOOL_CONVERSION = YES;
				CLANG_WARN_CONSTANT_CONVERSION = YES;
				CLANG_WARN_DIRECT_OBJC_ISA_USAGE = YES_ERROR;
				CLANG_WARN_EMPTY_BODY = YES;
				CLANG_WARN_ENUM_CONVERSION = YES;
				CLANG_WARN_INT_CONVERSION = YES;
				CLANG_WARN_OBJC_ROOT_CLASS = YES_ERROR;
				CLANG_WARN__DUPLICATE_METHOD_MATCH = YES;
				"CODE_SIGN_IDENTITY[sdk=iphoneos*]" = "iPhone Developer";
				COPY_PHASE_STRIP = NO;
				ENABLE_TESTABILITY = YES;
				GCC_C_LANGUAGE_STANDARD = gnu99;
				GCC_DYNAMIC_NO_PIC = NO;
				GCC_OPTIMIZATION_LEVEL = 0;
				GCC_PREPROCESSOR_DEFINITIONS = (
					"DEBUG=1",
					"$(inherited)",
				);
				GCC_SYMBOLS_PRIVATE_EXTERN = NO;
				GCC_WARN_64_TO_32_BIT_CONVERSION = YES;
				GCC_WARN_ABOUT_RETURN_TYPE = YES_ERROR;
				GCC_WARN_UNDECLARED_SELECTOR = YES;
				GCC_WARN_UNINITIALIZED_AUTOS = YES_AGGRESSIVE;
				GCC_WARN_UNUSED_FUNCTION = YES;
				GCC_WARN_UNUSED_VARIABLE = YES;
				IPHONEOS_DEPLOYMENT_TARGET = 9.3;
				ONLY_ACTIVE_ARCH = YES;
				SDKROOT = iphoneos;
				TARGETED_DEVICE_FAMILY = "1,2";
			};
			name = Debug;
		};
		6003F5BE195388D20070C39A /* Release */ = {
			isa = XCBuildConfiguration;
			buildSettings = {
				ALWAYS_SEARCH_USER_PATHS = NO;
				CLANG_CXX_LANGUAGE_STANDARD = "gnu++0x";
				CLANG_CXX_LIBRARY = "libc++";
				CLANG_ENABLE_MODULES = YES;
				CLANG_ENABLE_OBJC_ARC = YES;
				CLANG_WARN_BOOL_CONVERSION = YES;
				CLANG_WARN_CONSTANT_CONVERSION = YES;
				CLANG_WARN_DIRECT_OBJC_ISA_USAGE = YES_ERROR;
				CLANG_WARN_EMPTY_BODY = YES;
				CLANG_WARN_ENUM_CONVERSION = YES;
				CLANG_WARN_INT_CONVERSION = YES;
				CLANG_WARN_OBJC_ROOT_CLASS = YES_ERROR;
				CLANG_WARN__DUPLICATE_METHOD_MATCH = YES;
				"CODE_SIGN_IDENTITY[sdk=iphoneos*]" = "iPhone Developer";
				COPY_PHASE_STRIP = YES;
				ENABLE_NS_ASSERTIONS = NO;
				GCC_C_LANGUAGE_STANDARD = gnu99;
				GCC_WARN_64_TO_32_BIT_CONVERSION = YES;
				GCC_WARN_ABOUT_RETURN_TYPE = YES_ERROR;
				GCC_WARN_UNDECLARED_SELECTOR = YES;
				GCC_WARN_UNINITIALIZED_AUTOS = YES_AGGRESSIVE;
				GCC_WARN_UNUSED_FUNCTION = YES;
				GCC_WARN_UNUSED_VARIABLE = YES;
				IPHONEOS_DEPLOYMENT_TARGET = 9.3;
				SDKROOT = iphoneos;
				TARGETED_DEVICE_FAMILY = "1,2";
				VALIDATE_PRODUCT = YES;
			};
			name = Release;
		};
		6003F5C0195388D20070C39A /* Debug */ = {
			isa = XCBuildConfiguration;
			baseConfigurationReference = F51FFB03C5A33DA4C1D86037 /* Pods-OpenIMSDKiOS_Example.debug.xcconfig */;
			buildSettings = {
				ASSETCATALOG_COMPILER_APPICON_NAME = AppIcon;
				CLANG_ENABLE_MODULES = YES;
				DEVELOPMENT_TEAM = UVA297LR9R;
				GCC_PRECOMPILE_PREFIX_HEADER = YES;
				GCC_PREFIX_HEADER = "OpenIMSDKiOS/OpenIMSDKiOS-Prefix.pch";
				INFOPLIST_FILE = "OpenIMSDKiOS/OpenIMSDKiOS-Info.plist";
				IPHONEOS_DEPLOYMENT_TARGET = 11.0;
				LIBRARY_SEARCH_PATHS = "$(inherited)";
				MODULE_NAME = ExampleApp;
				PRODUCT_BUNDLE_IDENTIFIER = "org.cocoapods.demo.${PRODUCT_NAME:rfc1034identifier}";
				PRODUCT_NAME = "$(TARGET_NAME)";
				SWIFT_VERSION = 4.0;
				WRAPPER_EXTENSION = app;
			};
			name = Debug;
		};
		6003F5C1195388D20070C39A /* Release */ = {
			isa = XCBuildConfiguration;
			baseConfigurationReference = 453F34D8D2D31FBC4FE60C5A /* Pods-OpenIMSDKiOS_Example.release.xcconfig */;
			buildSettings = {
				ASSETCATALOG_COMPILER_APPICON_NAME = AppIcon;
				CLANG_ENABLE_MODULES = YES;
				DEVELOPMENT_TEAM = UVA297LR9R;
				GCC_PRECOMPILE_PREFIX_HEADER = YES;
				GCC_PREFIX_HEADER = "OpenIMSDKiOS/OpenIMSDKiOS-Prefix.pch";
				INFOPLIST_FILE = "OpenIMSDKiOS/OpenIMSDKiOS-Info.plist";
				IPHONEOS_DEPLOYMENT_TARGET = 11.0;
				LIBRARY_SEARCH_PATHS = "$(inherited)";
				MODULE_NAME = ExampleApp;
				PRODUCT_BUNDLE_IDENTIFIER = "org.cocoapods.demo.${PRODUCT_NAME:rfc1034identifier}";
				PRODUCT_NAME = "$(TARGET_NAME)";
				SWIFT_VERSION = 4.0;
				WRAPPER_EXTENSION = app;
			};
			name = Release;
		};
		6003F5C3195388D20070C39A /* Debug */ = {
			isa = XCBuildConfiguration;
			baseConfigurationReference = 727A6B892907294F76AF42CA /* Pods-OpenIMSDKiOS_Tests.debug.xcconfig */;
			buildSettings = {
				BUNDLE_LOADER = "$(TEST_HOST)";
				DEVELOPMENT_TEAM = UVA297LR9R;
				FRAMEWORK_SEARCH_PATHS = (
					"$(PLATFORM_DIR)/Developer/Library/Frameworks",
					"$(inherited)",
					"$(DEVELOPER_FRAMEWORKS_DIR)",
				);
				GCC_PRECOMPILE_PREFIX_HEADER = YES;
				GCC_PREFIX_HEADER = "Tests/Tests-Prefix.pch";
				GCC_PREPROCESSOR_DEFINITIONS = (
					"DEBUG=1",
					"$(inherited)",
				);
				INFOPLIST_FILE = "Tests/Tests-Info.plist";
				PRODUCT_BUNDLE_IDENTIFIER = "org.cocoapods.demo.${PRODUCT_NAME:rfc1034identifier}";
				PRODUCT_NAME = "$(TARGET_NAME)";
				SWIFT_VERSION = 4.0;
				TEST_HOST = "$(BUILT_PRODUCTS_DIR)/OpenIMSDKiOS_Example.app/OpenIMSDKiOS_Example";
				WRAPPER_EXTENSION = xctest;
			};
			name = Debug;
		};
		6003F5C4195388D20070C39A /* Release */ = {
			isa = XCBuildConfiguration;
			baseConfigurationReference = ADABFDB815C8D9964231ED18 /* Pods-OpenIMSDKiOS_Tests.release.xcconfig */;
			buildSettings = {
				BUNDLE_LOADER = "$(TEST_HOST)";
				DEVELOPMENT_TEAM = UVA297LR9R;
				FRAMEWORK_SEARCH_PATHS = (
					"$(PLATFORM_DIR)/Developer/Library/Frameworks",
					"$(inherited)",
					"$(DEVELOPER_FRAMEWORKS_DIR)",
				);
				GCC_PRECOMPILE_PREFIX_HEADER = YES;
				GCC_PREFIX_HEADER = "Tests/Tests-Prefix.pch";
				INFOPLIST_FILE = "Tests/Tests-Info.plist";
				PRODUCT_BUNDLE_IDENTIFIER = "org.cocoapods.demo.${PRODUCT_NAME:rfc1034identifier}";
				PRODUCT_NAME = "$(TARGET_NAME)";
				SWIFT_VERSION = 4.0;
				TEST_HOST = "$(BUILT_PRODUCTS_DIR)/OpenIMSDKiOS_Example.app/OpenIMSDKiOS_Example";
				WRAPPER_EXTENSION = xctest;
			};
			name = Release;
		};
/* End XCBuildConfiguration section */

/* Begin XCConfigurationList section */
		6003F585195388D10070C39A /* Build configuration list for PBXProject "OpenIMSDKiOS" */ = {
			isa = XCConfigurationList;
			buildConfigurations = (
				6003F5BD195388D20070C39A /* Debug */,
				6003F5BE195388D20070C39A /* Release */,
			);
			defaultConfigurationIsVisible = 0;
			defaultConfigurationName = Release;
		};
		6003F5BF195388D20070C39A /* Build configuration list for PBXNativeTarget "OpenIMSDKiOS_Example" */ = {
			isa = XCConfigurationList;
			buildConfigurations = (
				6003F5C0195388D20070C39A /* Debug */,
				6003F5C1195388D20070C39A /* Release */,
			);
			defaultConfigurationIsVisible = 0;
			defaultConfigurationName = Release;
		};
		6003F5C2195388D20070C39A /* Build configuration list for PBXNativeTarget "OpenIMSDKiOS_Tests" */ = {
			isa = XCConfigurationList;
			buildConfigurations = (
				6003F5C3195388D20070C39A /* Debug */,
				6003F5C4195388D20070C39A /* Release */,
			);
			defaultConfigurationIsVisible = 0;
			defaultConfigurationName = Release;
		};
/* End XCConfigurationList section */
	};
	rootObject = 6003F582195388D10070C39A /* Project object */;
}
